
Microsoft Visual Studio Solution File, Format Version 12.00
# Visual Studio 14
VisualStudioVersion = 14.0.23107.0
MinimumVisualStudioVersion = 10.0.40219.1
Project("{FAE04EC0-301F-11D3-BF4B-00C04F79EFBC}") = "CK.HomeAutomation.Networking", "CK.HomeAutomation.Networking\CK.HomeAutomation.Networking.csproj", "{D4E0A3F9-6521-4AEE-815A-E2A60323FB63}"
EndProject
Project("{FAE04EC0-301F-11D3-BF4B-00C04F79EFBC}") = "CK.HomeAutomation.Hardware", "CK.HomeAutomation.Hardware\CK.HomeAutomation.Hardware.csproj", "{287A9BD0-4037-4ADD-986F-54056F059EAE}"
EndProject
Project("{FAE04EC0-301F-11D3-BF4B-00C04F79EFBC}") = "CK.HomeAutomation.Actuators", "CK.HomeAutomation.Actuators\CK.HomeAutomation.Actuators.csproj", "{808ABECF-D9C2-4AB2-95D8-EAF228B44576}"
EndProject
Project("{FAE04EC0-301F-11D3-BF4B-00C04F79EFBC}") = "CK.HomeAutomation.Controller", "CK.HomeAutomation.Controller\CK.HomeAutomation.Controller.csproj", "{D3634558-2746-441F-BC09-454B1EC7DC1D}"
EndProject
Project("{FAE04EC0-301F-11D3-BF4B-00C04F79EFBC}") = "CK.HomeAutomation.Notifications", "CK.HomeAutomation.Notifications\CK.HomeAutomation.Notifications.csproj", "{15DB669D-AF71-4E89-9748-0290A2E5D291}"
EndProject
Project("{FAE04EC0-301F-11D3-BF4B-00C04F79EFBC}") = "CK.HomeAutomation.Core", "CK.HomeAutomation.Core\CK.HomeAutomation.Core.csproj", "{2BBEF090-4FEE-4FB7-9CF1-F6597F2C53EA}"
EndProject
Project("{FAE04EC0-301F-11D3-BF4B-00C04F79EFBC}") = "CK.HomeAutomation.TraceViewer", "CK.HomeAutomation.TraceViewer\CK.HomeAutomation.TraceViewer.csproj", "{1948D9A6-707C-463B-8A16-D0A4020C4896}"
EndProject
Project("{FAE04EC0-301F-11D3-BF4B-00C04F79EFBC}") = "CK.HomeAutomation.Controller.Cellar", "CK.HomeAutomation.Controller.Cellar\CK.HomeAutomation.Controller.Cellar.csproj", "{2ECC3769-3EDB-4646-86EE-91FBDACBA972}"
EndProject
Project("{FAE04EC0-301F-11D3-BF4B-00C04F79EFBC}") = "CK.HomeAutomation.App", "CK.HomeAutomation.App\CK.HomeAutomation.App.csproj", "{0E8A3855-D428-4CA2-B752-486B61056933}"
EndProject
Project("{FAE04EC0-301F-11D3-BF4B-00C04F79EFBC}") = "CK.HomeAutomation.Telemetry", "CK.HomeAutomation.Telemetry\CK.HomeAutomation.Telemetry.csproj", "{97F3345C-33B6-4779-9212-5FFBCEEF3F96}"
EndProject
Project("{2150E333-8FDC-42A3-9474-1A3956D46DE8}") = "Controllers", "Controllers", "{CD5D2CCD-44D0-46E5-BE14-3B377048E0A2}"
EndProject
Project("{2150E333-8FDC-42A3-9474-1A3956D46DE8}") = "SDK", "SDK", "{982ABB4E-A5DC-4C78-87A3-30BF49DD5764}"
EndProject
Project("{2150E333-8FDC-42A3-9474-1A3956D46DE8}") = "App", "App", "{20B098BA-1C68-4602-8BBA-902E7E3CA0B4}"
EndProject
Global
	GlobalSection(SolutionConfigurationPlatforms) = preSolution
		Debug|Any CPU = Debug|Any CPU
		Debug|ARM = Debug|ARM
		Debug|x64 = Debug|x64
		Debug|x86 = Debug|x86
		Release|Any CPU = Release|Any CPU
		Release|ARM = Release|ARM
		Release|x64 = Release|x64
		Release|x86 = Release|x86
	EndGlobalSection
	GlobalSection(ProjectConfigurationPlatforms) = postSolution
		{D4E0A3F9-6521-4AEE-815A-E2A60323FB63}.Debug|Any CPU.ActiveCfg = Debug|Any CPU
		{D4E0A3F9-6521-4AEE-815A-E2A60323FB63}.Debug|Any CPU.Build.0 = Debug|Any CPU
		{D4E0A3F9-6521-4AEE-815A-E2A60323FB63}.Debug|ARM.ActiveCfg = Debug|ARM
		{D4E0A3F9-6521-4AEE-815A-E2A60323FB63}.Debug|ARM.Build.0 = Debug|ARM
		{D4E0A3F9-6521-4AEE-815A-E2A60323FB63}.Debug|x64.ActiveCfg = Debug|x64
		{D4E0A3F9-6521-4AEE-815A-E2A60323FB63}.Debug|x64.Build.0 = Debug|x64
		{D4E0A3F9-6521-4AEE-815A-E2A60323FB63}.Debug|x86.ActiveCfg = Debug|x86
		{D4E0A3F9-6521-4AEE-815A-E2A60323FB63}.Debug|x86.Build.0 = Debug|x86
		{D4E0A3F9-6521-4AEE-815A-E2A60323FB63}.Release|Any CPU.ActiveCfg = Release|Any CPU
		{D4E0A3F9-6521-4AEE-815A-E2A60323FB63}.Release|Any CPU.Build.0 = Release|Any CPU
		{D4E0A3F9-6521-4AEE-815A-E2A60323FB63}.Release|ARM.ActiveCfg = Release|ARM
		{D4E0A3F9-6521-4AEE-815A-E2A60323FB63}.Release|ARM.Build.0 = Release|ARM
		{D4E0A3F9-6521-4AEE-815A-E2A60323FB63}.Release|x64.ActiveCfg = Release|x64
		{D4E0A3F9-6521-4AEE-815A-E2A60323FB63}.Release|x64.Build.0 = Release|x64
		{D4E0A3F9-6521-4AEE-815A-E2A60323FB63}.Release|x86.ActiveCfg = Release|x86
		{D4E0A3F9-6521-4AEE-815A-E2A60323FB63}.Release|x86.Build.0 = Release|x86
		{287A9BD0-4037-4ADD-986F-54056F059EAE}.Debug|Any CPU.ActiveCfg = Debug|Any CPU
		{287A9BD0-4037-4ADD-986F-54056F059EAE}.Debug|Any CPU.Build.0 = Debug|Any CPU
		{287A9BD0-4037-4ADD-986F-54056F059EAE}.Debug|ARM.ActiveCfg = Debug|ARM
		{287A9BD0-4037-4ADD-986F-54056F059EAE}.Debug|ARM.Build.0 = Debug|ARM
		{287A9BD0-4037-4ADD-986F-54056F059EAE}.Debug|x64.ActiveCfg = Debug|x64
		{287A9BD0-4037-4ADD-986F-54056F059EAE}.Debug|x64.Build.0 = Debug|x64
		{287A9BD0-4037-4ADD-986F-54056F059EAE}.Debug|x86.ActiveCfg = Debug|x86
		{287A9BD0-4037-4ADD-986F-54056F059EAE}.Debug|x86.Build.0 = Debug|x86
		{287A9BD0-4037-4ADD-986F-54056F059EAE}.Release|Any CPU.ActiveCfg = Release|Any CPU
		{287A9BD0-4037-4ADD-986F-54056F059EAE}.Release|Any CPU.Build.0 = Release|Any CPU
		{287A9BD0-4037-4ADD-986F-54056F059EAE}.Release|ARM.ActiveCfg = Release|ARM
		{287A9BD0-4037-4ADD-986F-54056F059EAE}.Release|ARM.Build.0 = Release|ARM
		{287A9BD0-4037-4ADD-986F-54056F059EAE}.Release|x64.ActiveCfg = Release|x64
		{287A9BD0-4037-4ADD-986F-54056F059EAE}.Release|x64.Build.0 = Release|x64
		{287A9BD0-4037-4ADD-986F-54056F059EAE}.Release|x86.ActiveCfg = Release|x86
		{287A9BD0-4037-4ADD-986F-54056F059EAE}.Release|x86.Build.0 = Release|x86
		{808ABECF-D9C2-4AB2-95D8-EAF228B44576}.Debug|Any CPU.ActiveCfg = Debug|Any CPU
		{808ABECF-D9C2-4AB2-95D8-EAF228B44576}.Debug|Any CPU.Build.0 = Debug|Any CPU
		{808ABECF-D9C2-4AB2-95D8-EAF228B44576}.Debug|ARM.ActiveCfg = Debug|ARM
		{808ABECF-D9C2-4AB2-95D8-EAF228B44576}.Debug|ARM.Build.0 = Debug|ARM
		{808ABECF-D9C2-4AB2-95D8-EAF228B44576}.Debug|x64.ActiveCfg = Debug|x64
		{808ABECF-D9C2-4AB2-95D8-EAF228B44576}.Debug|x64.Build.0 = Debug|x64
		{808ABECF-D9C2-4AB2-95D8-EAF228B44576}.Debug|x86.ActiveCfg = Debug|x86
		{808ABECF-D9C2-4AB2-95D8-EAF228B44576}.Debug|x86.Build.0 = Debug|x86
		{808ABECF-D9C2-4AB2-95D8-EAF228B44576}.Release|Any CPU.ActiveCfg = Release|Any CPU
		{808ABECF-D9C2-4AB2-95D8-EAF228B44576}.Release|Any CPU.Build.0 = Release|Any CPU
		{808ABECF-D9C2-4AB2-95D8-EAF228B44576}.Release|ARM.ActiveCfg = Release|ARM
		{808ABECF-D9C2-4AB2-95D8-EAF228B44576}.Release|ARM.Build.0 = Release|ARM
		{808ABECF-D9C2-4AB2-95D8-EAF228B44576}.Release|x64.ActiveCfg = Release|x64
		{808ABECF-D9C2-4AB2-95D8-EAF228B44576}.Release|x64.Build.0 = Release|x64
		{808ABECF-D9C2-4AB2-95D8-EAF228B44576}.Release|x86.ActiveCfg = Release|x86
		{808ABECF-D9C2-4AB2-95D8-EAF228B44576}.Release|x86.Build.0 = Release|x86
		{D3634558-2746-441F-BC09-454B1EC7DC1D}.Debug|Any CPU.ActiveCfg = Debug|x86
		{D3634558-2746-441F-BC09-454B1EC7DC1D}.Debug|ARM.ActiveCfg = Debug|ARM
		{D3634558-2746-441F-BC09-454B1EC7DC1D}.Debug|ARM.Build.0 = Debug|ARM
		{D3634558-2746-441F-BC09-454B1EC7DC1D}.Debug|ARM.Deploy.0 = Debug|ARM
		{D3634558-2746-441F-BC09-454B1EC7DC1D}.Debug|x64.ActiveCfg = Debug|x64
		{D3634558-2746-441F-BC09-454B1EC7DC1D}.Debug|x64.Build.0 = Debug|x64
		{D3634558-2746-441F-BC09-454B1EC7DC1D}.Debug|x64.Deploy.0 = Debug|x64
		{D3634558-2746-441F-BC09-454B1EC7DC1D}.Debug|x86.ActiveCfg = Debug|x86
		{D3634558-2746-441F-BC09-454B1EC7DC1D}.Debug|x86.Build.0 = Debug|x86
		{D3634558-2746-441F-BC09-454B1EC7DC1D}.Debug|x86.Deploy.0 = Debug|x86
		{D3634558-2746-441F-BC09-454B1EC7DC1D}.Release|Any CPU.ActiveCfg = Release|x86
		{D3634558-2746-441F-BC09-454B1EC7DC1D}.Release|ARM.ActiveCfg = Release|ARM
		{D3634558-2746-441F-BC09-454B1EC7DC1D}.Release|ARM.Build.0 = Release|ARM
		{D3634558-2746-441F-BC09-454B1EC7DC1D}.Release|ARM.Deploy.0 = Release|ARM
		{D3634558-2746-441F-BC09-454B1EC7DC1D}.Release|x64.ActiveCfg = Release|x64
		{D3634558-2746-441F-BC09-454B1EC7DC1D}.Release|x64.Build.0 = Release|x64
		{D3634558-2746-441F-BC09-454B1EC7DC1D}.Release|x64.Deploy.0 = Release|x64
		{D3634558-2746-441F-BC09-454B1EC7DC1D}.Release|x86.ActiveCfg = Release|x86
		{D3634558-2746-441F-BC09-454B1EC7DC1D}.Release|x86.Build.0 = Release|x86
		{D3634558-2746-441F-BC09-454B1EC7DC1D}.Release|x86.Deploy.0 = Release|x86
		{15DB669D-AF71-4E89-9748-0290A2E5D291}.Debug|Any CPU.ActiveCfg = Debug|Any CPU
		{15DB669D-AF71-4E89-9748-0290A2E5D291}.Debug|Any CPU.Build.0 = Debug|Any CPU
		{15DB669D-AF71-4E89-9748-0290A2E5D291}.Debug|ARM.ActiveCfg = Debug|ARM
		{15DB669D-AF71-4E89-9748-0290A2E5D291}.Debug|ARM.Build.0 = Debug|ARM
		{15DB669D-AF71-4E89-9748-0290A2E5D291}.Debug|x64.ActiveCfg = Debug|x64
		{15DB669D-AF71-4E89-9748-0290A2E5D291}.Debug|x64.Build.0 = Debug|x64
		{15DB669D-AF71-4E89-9748-0290A2E5D291}.Debug|x86.ActiveCfg = Debug|x86
		{15DB669D-AF71-4E89-9748-0290A2E5D291}.Debug|x86.Build.0 = Debug|x86
		{15DB669D-AF71-4E89-9748-0290A2E5D291}.Release|Any CPU.ActiveCfg = Release|Any CPU
		{15DB669D-AF71-4E89-9748-0290A2E5D291}.Release|Any CPU.Build.0 = Release|Any CPU
		{15DB669D-AF71-4E89-9748-0290A2E5D291}.Release|ARM.ActiveCfg = Release|ARM
		{15DB669D-AF71-4E89-9748-0290A2E5D291}.Release|ARM.Build.0 = Release|ARM
		{15DB669D-AF71-4E89-9748-0290A2E5D291}.Release|x64.ActiveCfg = Release|x64
		{15DB669D-AF71-4E89-9748-0290A2E5D291}.Release|x64.Build.0 = Release|x64
		{15DB669D-AF71-4E89-9748-0290A2E5D291}.Release|x86.ActiveCfg = Release|x86
		{15DB669D-AF71-4E89-9748-0290A2E5D291}.Release|x86.Build.0 = Release|x86
		{2BBEF090-4FEE-4FB7-9CF1-F6597F2C53EA}.Debug|Any CPU.ActiveCfg = Debug|Any CPU
		{2BBEF090-4FEE-4FB7-9CF1-F6597F2C53EA}.Debug|Any CPU.Build.0 = Debug|Any CPU
		{2BBEF090-4FEE-4FB7-9CF1-F6597F2C53EA}.Debug|ARM.ActiveCfg = Debug|ARM
		{2BBEF090-4FEE-4FB7-9CF1-F6597F2C53EA}.Debug|ARM.Build.0 = Debug|ARM
		{2BBEF090-4FEE-4FB7-9CF1-F6597F2C53EA}.Debug|x64.ActiveCfg = Debug|x64
		{2BBEF090-4FEE-4FB7-9CF1-F6597F2C53EA}.Debug|x64.Build.0 = Debug|x64
		{2BBEF090-4FEE-4FB7-9CF1-F6597F2C53EA}.Debug|x86.ActiveCfg = Debug|x86
		{2BBEF090-4FEE-4FB7-9CF1-F6597F2C53EA}.Debug|x86.Build.0 = Debug|x86
		{2BBEF090-4FEE-4FB7-9CF1-F6597F2C53EA}.Release|Any CPU.ActiveCfg = Release|Any CPU
		{2BBEF090-4FEE-4FB7-9CF1-F6597F2C53EA}.Release|Any CPU.Build.0 = Release|Any CPU
		{2BBEF090-4FEE-4FB7-9CF1-F6597F2C53EA}.Release|ARM.ActiveCfg = Release|ARM
		{2BBEF090-4FEE-4FB7-9CF1-F6597F2C53EA}.Release|ARM.Build.0 = Release|ARM
		{2BBEF090-4FEE-4FB7-9CF1-F6597F2C53EA}.Release|x64.ActiveCfg = Release|x64
		{2BBEF090-4FEE-4FB7-9CF1-F6597F2C53EA}.Release|x64.Build.0 = Release|x64
		{2BBEF090-4FEE-4FB7-9CF1-F6597F2C53EA}.Release|x86.ActiveCfg = Release|x86
		{2BBEF090-4FEE-4FB7-9CF1-F6597F2C53EA}.Release|x86.Build.0 = Release|x86
		{1948D9A6-707C-463B-8A16-D0A4020C4896}.Debug|Any CPU.ActiveCfg = Debug|Any CPU
		{1948D9A6-707C-463B-8A16-D0A4020C4896}.Debug|Any CPU.Build.0 = Debug|Any CPU
		{1948D9A6-707C-463B-8A16-D0A4020C4896}.Debug|ARM.ActiveCfg = Debug|Any CPU
		{1948D9A6-707C-463B-8A16-D0A4020C4896}.Debug|ARM.Build.0 = Debug|Any CPU
		{1948D9A6-707C-463B-8A16-D0A4020C4896}.Debug|x64.ActiveCfg = Debug|Any CPU
		{1948D9A6-707C-463B-8A16-D0A4020C4896}.Debug|x64.Build.0 = Debug|Any CPU
		{1948D9A6-707C-463B-8A16-D0A4020C4896}.Debug|x86.ActiveCfg = Debug|Any CPU
		{1948D9A6-707C-463B-8A16-D0A4020C4896}.Debug|x86.Build.0 = Debug|Any CPU
		{1948D9A6-707C-463B-8A16-D0A4020C4896}.Release|Any CPU.ActiveCfg = Release|Any CPU
		{1948D9A6-707C-463B-8A16-D0A4020C4896}.Release|Any CPU.Build.0 = Release|Any CPU
		{1948D9A6-707C-463B-8A16-D0A4020C4896}.Release|ARM.ActiveCfg = Release|Any CPU
		{1948D9A6-707C-463B-8A16-D0A4020C4896}.Release|ARM.Build.0 = Release|Any CPU
		{1948D9A6-707C-463B-8A16-D0A4020C4896}.Release|x64.ActiveCfg = Release|Any CPU
		{1948D9A6-707C-463B-8A16-D0A4020C4896}.Release|x64.Build.0 = Release|Any CPU
		{1948D9A6-707C-463B-8A16-D0A4020C4896}.Release|x86.ActiveCfg = Release|Any CPU
		{1948D9A6-707C-463B-8A16-D0A4020C4896}.Release|x86.Build.0 = Release|Any CPU
		{2ECC3769-3EDB-4646-86EE-91FBDACBA972}.Debug|Any CPU.ActiveCfg = Debug|x86
		{2ECC3769-3EDB-4646-86EE-91FBDACBA972}.Debug|ARM.ActiveCfg = Debug|ARM
		{2ECC3769-3EDB-4646-86EE-91FBDACBA972}.Debug|ARM.Build.0 = Debug|ARM
		{2ECC3769-3EDB-4646-86EE-91FBDACBA972}.Debug|ARM.Deploy.0 = Debug|ARM
		{2ECC3769-3EDB-4646-86EE-91FBDACBA972}.Debug|x64.ActiveCfg = Debug|x64
		{2ECC3769-3EDB-4646-86EE-91FBDACBA972}.Debug|x64.Build.0 = Debug|x64
		{2ECC3769-3EDB-4646-86EE-91FBDACBA972}.Debug|x64.Deploy.0 = Debug|x64
		{2ECC3769-3EDB-4646-86EE-91FBDACBA972}.Debug|x86.ActiveCfg = Debug|x86
		{2ECC3769-3EDB-4646-86EE-91FBDACBA972}.Debug|x86.Build.0 = Debug|x86
		{2ECC3769-3EDB-4646-86EE-91FBDACBA972}.Debug|x86.Deploy.0 = Debug|x86
		{2ECC3769-3EDB-4646-86EE-91FBDACBA972}.Release|Any CPU.ActiveCfg = Release|x86
		{2ECC3769-3EDB-4646-86EE-91FBDACBA972}.Release|ARM.ActiveCfg = Release|ARM
		{2ECC3769-3EDB-4646-86EE-91FBDACBA972}.Release|ARM.Build.0 = Release|ARM
		{2ECC3769-3EDB-4646-86EE-91FBDACBA972}.Release|ARM.Deploy.0 = Release|ARM
		{2ECC3769-3EDB-4646-86EE-91FBDACBA972}.Release|x64.ActiveCfg = Release|x64
		{2ECC3769-3EDB-4646-86EE-91FBDACBA972}.Release|x64.Build.0 = Release|x64
		{2ECC3769-3EDB-4646-86EE-91FBDACBA972}.Release|x64.Deploy.0 = Release|x64
		{2ECC3769-3EDB-4646-86EE-91FBDACBA972}.Release|x86.ActiveCfg = Release|x86
		{2ECC3769-3EDB-4646-86EE-91FBDACBA972}.Release|x86.Build.0 = Release|x86
		{2ECC3769-3EDB-4646-86EE-91FBDACBA972}.Release|x86.Deploy.0 = Release|x86
		{0E8A3855-D428-4CA2-B752-486B61056933}.Debug|Any CPU.ActiveCfg = Debug|Any CPU
		{0E8A3855-D428-4CA2-B752-486B61056933}.Debug|Any CPU.Build.0 = Debug|Any CPU
		{0E8A3855-D428-4CA2-B752-486B61056933}.Debug|ARM.ActiveCfg = Debug|Any CPU
		{0E8A3855-D428-4CA2-B752-486B61056933}.Debug|ARM.Build.0 = Debug|Any CPU
		{0E8A3855-D428-4CA2-B752-486B61056933}.Debug|x64.ActiveCfg = Debug|Any CPU
		{0E8A3855-D428-4CA2-B752-486B61056933}.Debug|x64.Build.0 = Debug|Any CPU
		{0E8A3855-D428-4CA2-B752-486B61056933}.Debug|x86.ActiveCfg = Debug|Any CPU
		{0E8A3855-D428-4CA2-B752-486B61056933}.Debug|x86.Build.0 = Debug|Any CPU
		{0E8A3855-D428-4CA2-B752-486B61056933}.Release|Any CPU.ActiveCfg = Release|Any CPU
		{0E8A3855-D428-4CA2-B752-486B61056933}.Release|Any CPU.Build.0 = Release|Any CPU
		{0E8A3855-D428-4CA2-B752-486B61056933}.Release|ARM.ActiveCfg = Release|Any CPU
		{0E8A3855-D428-4CA2-B752-486B61056933}.Release|ARM.Build.0 = Release|Any CPU
		{0E8A3855-D428-4CA2-B752-486B61056933}.Release|x64.ActiveCfg = Release|Any CPU
		{0E8A3855-D428-4CA2-B752-486B61056933}.Release|x64.Build.0 = Release|Any CPU
		{0E8A3855-D428-4CA2-B752-486B61056933}.Release|x86.ActiveCfg = Release|Any CPU
		{0E8A3855-D428-4CA2-B752-486B61056933}.Release|x86.Build.0 = Release|Any CPU
		{97F3345C-33B6-4779-9212-5FFBCEEF3F96}.Debug|Any CPU.ActiveCfg = Debug|Any CPU
		{97F3345C-33B6-4779-9212-5FFBCEEF3F96}.Debug|Any CPU.Build.0 = Debug|Any CPU
		{97F3345C-33B6-4779-9212-5FFBCEEF3F96}.Debug|ARM.ActiveCfg = Debug|ARM
		{97F3345C-33B6-4779-9212-5FFBCEEF3F96}.Debug|ARM.Build.0 = Debug|ARM
		{97F3345C-33B6-4779-9212-5FFBCEEF3F96}.Debug|x64.ActiveCfg = Debug|x64
		{97F3345C-33B6-4779-9212-5FFBCEEF3F96}.Debug|x64.Build.0 = Debug|x64
		{97F3345C-33B6-4779-9212-5FFBCEEF3F96}.Debug|x86.ActiveCfg = Debug|x86
		{97F3345C-33B6-4779-9212-5FFBCEEF3F96}.Debug|x86.Build.0 = Debug|x86
		{97F3345C-33B6-4779-9212-5FFBCEEF3F96}.Release|Any CPU.ActiveCfg = Release|Any CPU
		{97F3345C-33B6-4779-9212-5FFBCEEF3F96}.Release|Any CPU.Build.0 = Release|Any CPU
		{97F3345C-33B6-4779-9212-5FFBCEEF3F96}.Release|ARM.ActiveCfg = Release|ARM
		{97F3345C-33B6-4779-9212-5FFBCEEF3F96}.Release|ARM.Build.0 = Release|ARM
		{97F3345C-33B6-4779-9212-5FFBCEEF3F96}.Release|x64.ActiveCfg = Release|x64
		{97F3345C-33B6-4779-9212-5FFBCEEF3F96}.Release|x64.Build.0 = Release|x64
		{97F3345C-33B6-4779-9212-5FFBCEEF3F96}.Release|x86.ActiveCfg = Release|x86
		{97F3345C-33B6-4779-9212-5FFBCEEF3F96}.Release|x86.Build.0 = Release|x86
	EndGlobalSection
	GlobalSection(SolutionProperties) = preSolution
		HideSolutionNode = FALSE
	EndGlobalSection
	GlobalSection(NestedProjects) = preSolution
		{D4E0A3F9-6521-4AEE-815A-E2A60323FB63} = {982ABB4E-A5DC-4C78-87A3-30BF49DD5764}
		{287A9BD0-4037-4ADD-986F-54056F059EAE} = {982ABB4E-A5DC-4C78-87A3-30BF49DD5764}
		{808ABECF-D9C2-4AB2-95D8-EAF228B44576} = {982ABB4E-A5DC-4C78-87A3-30BF49DD5764}
		{D3634558-2746-441F-BC09-454B1EC7DC1D} = {CD5D2CCD-44D0-46E5-BE14-3B377048E0A2}
		{15DB669D-AF71-4E89-9748-0290A2E5D291} = {982ABB4E-A5DC-4C78-87A3-30BF49DD5764}
		{2BBEF090-4FEE-4FB7-9CF1-F6597F2C53EA} = {982ABB4E-A5DC-4C78-87A3-30BF49DD5764}
		{1948D9A6-707C-463B-8A16-D0A4020C4896} = {982ABB4E-A5DC-4C78-87A3-30BF49DD5764}
		{2ECC3769-3EDB-4646-86EE-91FBDACBA972} = {CD5D2CCD-44D0-46E5-BE14-3B377048E0A2}
		{0E8A3855-D428-4CA2-B752-486B61056933} = {20B098BA-1C68-4602-8BBA-902E7E3CA0B4}
		{97F3345C-33B6-4779-9212-5FFBCEEF3F96} = {982ABB4E-A5DC-4C78-87A3-30BF49DD5764}
	EndGlobalSection
EndGlobal
