
Microsoft Visual Studio Solution File, Format Version 12.00
# Visual Studio 15
VisualStudioVersion = 15.0.26430.6
MinimumVisualStudioVersion = 10.0.40219.1
Project("{2150E333-8FDC-42A3-9474-1A3956D46DE8}") = "Controllers", "Controllers", "{CD5D2CCD-44D0-46E5-BE14-3B377048E0A2}"
EndProject
Project("{2150E333-8FDC-42A3-9474-1A3956D46DE8}") = "Core", "Core", "{982ABB4E-A5DC-4C78-87A3-30BF49DD5764}"
EndProject
Project("{2150E333-8FDC-42A3-9474-1A3956D46DE8}") = "App", "App", "{20B098BA-1C68-4602-8BBA-902E7E3CA0B4}"
	ProjectSection(SolutionItems) = preProject
		App\DeployApps.ps1 = App\DeployApps.ps1
	EndProjectSection
EndProject
Project("{FAE04EC0-301F-11D3-BF4B-00C04F79EFBC}") = "HA4IoT.Controller.Main", "Controllers\Examples\HA4IoT.Controller.Main\HA4IoT.Controller.Main.csproj", "{D3634558-2746-441F-BC09-454B1EC7DC1D}"
EndProject
Project("{FAE04EC0-301F-11D3-BF4B-00C04F79EFBC}") = "HA4IoT.WebApp", "App\HA4IoT.WebApp\HA4IoT.WebApp.csproj", "{0E8A3855-D428-4CA2-B752-486B61056933}"
EndProject
Project("{FAE04EC0-301F-11D3-BF4B-00C04F79EFBC}") = "HA4IoT.ManagementApp", "App\HA4IoT.ManagementApp\HA4IoT.ManagementApp.csproj", "{F931A02F-DCAD-4301-8DAD-B7D722A9C410}"
EndProject
Project("{FAE04EC0-301F-11D3-BF4B-00C04F79EFBC}") = "HA4IoT.Service", "Controllers\HA4IoT.Controller\HA4IoT.Service.csproj", "{56F4E6B0-8C46-4715-A9F3-00A6573C2CF4}"
EndProject
Project("{FAE04EC0-301F-11D3-BF4B-00C04F79EFBC}") = "HA4IoT.Simulator", "Controllers\HA4IoT.Simulator\HA4IoT.Simulator.csproj", "{F46489CF-4D81-40DD-8EFB-9B4073898A85}"
EndProject
Project("{2150E333-8FDC-42A3-9474-1A3956D46DE8}") = "Cloud", "Cloud", "{AF6D96DE-60FE-4711-A888-3F6A06AF1628}"
EndProject
Project("{FAE04EC0-301F-11D3-BF4B-00C04F79EFBC}") = "HA4IoT", "Core\HA4IoT\HA4IoT.csproj", "{C034EC4D-46CC-490A-A045-E4D4D1F49C31}"
EndProject
Project("{FAE04EC0-301F-11D3-BF4B-00C04F79EFBC}") = "HA4IoT.CloudApi", "Cloud\HA4IoT.CloudApi\HA4IoT.CloudApi.csproj", "{C4619FEF-F44F-45EE-9473-5C80BC72E866}"
EndProject
Project("{FAE04EC0-301F-11D3-BF4B-00C04F79EFBC}") = "HA4IoT.Contracts", "Core\HA4IoT.Contracts\HA4IoT.Contracts.csproj", "{B10B2E2A-85CD-4289-8649-FC0C1C98921D}"
EndProject
Project("{2150E333-8FDC-42A3-9474-1A3956D46DE8}") = "Examples", "Examples", "{CED3E271-EE23-4B30-936C-B709F4D176FD}"
EndProject
Project("{FAE04EC0-301F-11D3-BF4B-00C04F79EFBC}") = "HA4IoT.Tests", "Core\HA4IoT.Tests\HA4IoT.Tests.csproj", "{1D5441C2-B934-4563-A11C-A617475564AE}"
EndProject
Project("{2150E333-8FDC-42A3-9474-1A3956D46DE8}") = "Apartment", "Apartment", "{89FBD621-449F-4178-9FC7-12244C2A1942}"
	ProjectSection(SolutionItems) = preProject
		Controllers\Examples\Apartment\Configuration-Areas.json = Controllers\Examples\Apartment\Configuration-Areas.json
		Controllers\Examples\Apartment\Configuration-Devices.json = Controllers\Examples\Apartment\Configuration-Devices.json
		Controllers\Examples\Apartment\Configuration-Interrupts.json = Controllers\Examples\Apartment\Configuration-Interrupts.json
		Controllers\Examples\Apartment\Configuration-RemoteSockets.json = Controllers\Examples\Apartment\Configuration-RemoteSockets.json
		Controllers\Examples\Apartment\Configuration.json = Controllers\Examples\Apartment\Configuration.json
	EndProjectSection
EndProject
Project("{2150E333-8FDC-42A3-9474-1A3956D46DE8}") = "Garden", "Garden", "{3EB09DBE-C2E3-43D3-BF91-8494EBCB37F9}"
	ProjectSection(SolutionItems) = preProject
		Controllers\Examples\Garden\Configuration.json = Controllers\Examples\Garden\Configuration.json
	EndProjectSection
EndProject
Global
	GlobalSection(SolutionConfigurationPlatforms) = preSolution
		Debug|Any CPU (For Cloud Components) = Debug|Any CPU (For Cloud Components)
		Debug|ARM (For Raspberry Pi) = Debug|ARM (For Raspberry Pi)
		Debug|x86 (For local) = Debug|x86 (For local)
		Release|Any CPU (For Cloud Components) = Release|Any CPU (For Cloud Components)
		Release|ARM (For Raspberry Pi) = Release|ARM (For Raspberry Pi)
		Release|x86 (For local) = Release|x86 (For local)
	EndGlobalSection
	GlobalSection(ProjectConfigurationPlatforms) = postSolution
		{D3634558-2746-441F-BC09-454B1EC7DC1D}.Debug|Any CPU (For Cloud Components).ActiveCfg = Debug|x86
		{D3634558-2746-441F-BC09-454B1EC7DC1D}.Debug|ARM (For Raspberry Pi).ActiveCfg = Debug|ARM
		{D3634558-2746-441F-BC09-454B1EC7DC1D}.Debug|ARM (For Raspberry Pi).Build.0 = Debug|ARM
		{D3634558-2746-441F-BC09-454B1EC7DC1D}.Debug|ARM (For Raspberry Pi).Deploy.0 = Debug|ARM
		{D3634558-2746-441F-BC09-454B1EC7DC1D}.Debug|x86 (For local).ActiveCfg = Debug|x86
		{D3634558-2746-441F-BC09-454B1EC7DC1D}.Debug|x86 (For local).Build.0 = Debug|x86
		{D3634558-2746-441F-BC09-454B1EC7DC1D}.Release|Any CPU (For Cloud Components).ActiveCfg = Release|Any CPU
		{D3634558-2746-441F-BC09-454B1EC7DC1D}.Release|Any CPU (For Cloud Components).Build.0 = Release|Any CPU
		{D3634558-2746-441F-BC09-454B1EC7DC1D}.Release|Any CPU (For Cloud Components).Deploy.0 = Release|Any CPU
		{D3634558-2746-441F-BC09-454B1EC7DC1D}.Release|ARM (For Raspberry Pi).ActiveCfg = Release|ARM
		{D3634558-2746-441F-BC09-454B1EC7DC1D}.Release|ARM (For Raspberry Pi).Build.0 = Release|ARM
		{D3634558-2746-441F-BC09-454B1EC7DC1D}.Release|ARM (For Raspberry Pi).Deploy.0 = Release|ARM
		{D3634558-2746-441F-BC09-454B1EC7DC1D}.Release|x86 (For local).ActiveCfg = Release|x86
		{D3634558-2746-441F-BC09-454B1EC7DC1D}.Release|x86 (For local).Build.0 = Release|x86
		{0E8A3855-D428-4CA2-B752-486B61056933}.Debug|Any CPU (For Cloud Components).ActiveCfg = Debug|x86
		{0E8A3855-D428-4CA2-B752-486B61056933}.Debug|ARM (For Raspberry Pi).ActiveCfg = Debug|Any CPU
		{0E8A3855-D428-4CA2-B752-486B61056933}.Debug|x86 (For local).ActiveCfg = Debug|x86
		{0E8A3855-D428-4CA2-B752-486B61056933}.Debug|x86 (For local).Build.0 = Debug|x86
		{0E8A3855-D428-4CA2-B752-486B61056933}.Release|Any CPU (For Cloud Components).ActiveCfg = Release|Any CPU
		{0E8A3855-D428-4CA2-B752-486B61056933}.Release|Any CPU (For Cloud Components).Build.0 = Release|Any CPU
		{0E8A3855-D428-4CA2-B752-486B61056933}.Release|ARM (For Raspberry Pi).ActiveCfg = Release|Any CPU
		{0E8A3855-D428-4CA2-B752-486B61056933}.Release|x86 (For local).ActiveCfg = Release|x86
		{0E8A3855-D428-4CA2-B752-486B61056933}.Release|x86 (For local).Build.0 = Release|x86
		{F931A02F-DCAD-4301-8DAD-B7D722A9C410}.Debug|Any CPU (For Cloud Components).ActiveCfg = Debug|x86
		{F931A02F-DCAD-4301-8DAD-B7D722A9C410}.Debug|ARM (For Raspberry Pi).ActiveCfg = Debug|Any CPU
		{F931A02F-DCAD-4301-8DAD-B7D722A9C410}.Debug|x86 (For local).ActiveCfg = Debug|x86
		{F931A02F-DCAD-4301-8DAD-B7D722A9C410}.Debug|x86 (For local).Build.0 = Debug|x86
		{F931A02F-DCAD-4301-8DAD-B7D722A9C410}.Release|Any CPU (For Cloud Components).ActiveCfg = Release|Any CPU
		{F931A02F-DCAD-4301-8DAD-B7D722A9C410}.Release|Any CPU (For Cloud Components).Build.0 = Release|Any CPU
		{F931A02F-DCAD-4301-8DAD-B7D722A9C410}.Release|ARM (For Raspberry Pi).ActiveCfg = Release|Any CPU
		{F931A02F-DCAD-4301-8DAD-B7D722A9C410}.Release|x86 (For local).ActiveCfg = Release|x86
		{F931A02F-DCAD-4301-8DAD-B7D722A9C410}.Release|x86 (For local).Build.0 = Release|x86
		{56F4E6B0-8C46-4715-A9F3-00A6573C2CF4}.Debug|Any CPU (For Cloud Components).ActiveCfg = Debug|x86
		{56F4E6B0-8C46-4715-A9F3-00A6573C2CF4}.Debug|ARM (For Raspberry Pi).ActiveCfg = Debug|ARM
		{56F4E6B0-8C46-4715-A9F3-00A6573C2CF4}.Debug|ARM (For Raspberry Pi).Build.0 = Debug|ARM
		{56F4E6B0-8C46-4715-A9F3-00A6573C2CF4}.Debug|x86 (For local).ActiveCfg = Debug|x86
		{56F4E6B0-8C46-4715-A9F3-00A6573C2CF4}.Debug|x86 (For local).Build.0 = Debug|x86
		{56F4E6B0-8C46-4715-A9F3-00A6573C2CF4}.Release|Any CPU (For Cloud Components).ActiveCfg = Release|Any CPU
		{56F4E6B0-8C46-4715-A9F3-00A6573C2CF4}.Release|Any CPU (For Cloud Components).Build.0 = Release|Any CPU
		{56F4E6B0-8C46-4715-A9F3-00A6573C2CF4}.Release|Any CPU (For Cloud Components).Deploy.0 = Release|Any CPU
		{56F4E6B0-8C46-4715-A9F3-00A6573C2CF4}.Release|ARM (For Raspberry Pi).ActiveCfg = Release|ARM
		{56F4E6B0-8C46-4715-A9F3-00A6573C2CF4}.Release|ARM (For Raspberry Pi).Build.0 = Release|ARM
		{56F4E6B0-8C46-4715-A9F3-00A6573C2CF4}.Release|x86 (For local).ActiveCfg = Release|x86
		{56F4E6B0-8C46-4715-A9F3-00A6573C2CF4}.Release|x86 (For local).Build.0 = Release|x86
		{F46489CF-4D81-40DD-8EFB-9B4073898A85}.Debug|Any CPU (For Cloud Components).ActiveCfg = Debug|x86
		{F46489CF-4D81-40DD-8EFB-9B4073898A85}.Debug|ARM (For Raspberry Pi).ActiveCfg = Debug|ARM
		{F46489CF-4D81-40DD-8EFB-9B4073898A85}.Debug|ARM (For Raspberry Pi).Build.0 = Debug|ARM
		{F46489CF-4D81-40DD-8EFB-9B4073898A85}.Debug|x86 (For local).ActiveCfg = Debug|x86
		{F46489CF-4D81-40DD-8EFB-9B4073898A85}.Debug|x86 (For local).Build.0 = Debug|x86
		{F46489CF-4D81-40DD-8EFB-9B4073898A85}.Debug|x86 (For local).Deploy.0 = Debug|x86
		{F46489CF-4D81-40DD-8EFB-9B4073898A85}.Release|Any CPU (For Cloud Components).ActiveCfg = Release|Any CPU
		{F46489CF-4D81-40DD-8EFB-9B4073898A85}.Release|Any CPU (For Cloud Components).Build.0 = Release|Any CPU
		{F46489CF-4D81-40DD-8EFB-9B4073898A85}.Release|Any CPU (For Cloud Components).Deploy.0 = Release|Any CPU
		{F46489CF-4D81-40DD-8EFB-9B4073898A85}.Release|ARM (For Raspberry Pi).ActiveCfg = Release|ARM
		{F46489CF-4D81-40DD-8EFB-9B4073898A85}.Release|x86 (For local).ActiveCfg = Release|x86
		{F46489CF-4D81-40DD-8EFB-9B4073898A85}.Release|x86 (For local).Build.0 = Release|x86
		{F46489CF-4D81-40DD-8EFB-9B4073898A85}.Release|x86 (For local).Deploy.0 = Release|x86
		{C034EC4D-46CC-490A-A045-E4D4D1F49C31}.Debug|Any CPU (For Cloud Components).ActiveCfg = Debug|x86
		{C034EC4D-46CC-490A-A045-E4D4D1F49C31}.Debug|ARM (For Raspberry Pi).ActiveCfg = Debug|ARM
		{C034EC4D-46CC-490A-A045-E4D4D1F49C31}.Debug|ARM (For Raspberry Pi).Build.0 = Debug|ARM
		{C034EC4D-46CC-490A-A045-E4D4D1F49C31}.Debug|x86 (For local).ActiveCfg = Debug|x86
		{C034EC4D-46CC-490A-A045-E4D4D1F49C31}.Debug|x86 (For local).Build.0 = Debug|x86
		{C034EC4D-46CC-490A-A045-E4D4D1F49C31}.Release|Any CPU (For Cloud Components).ActiveCfg = Release|Any CPU
		{C034EC4D-46CC-490A-A045-E4D4D1F49C31}.Release|Any CPU (For Cloud Components).Build.0 = Release|Any CPU
		{C034EC4D-46CC-490A-A045-E4D4D1F49C31}.Release|ARM (For Raspberry Pi).ActiveCfg = Release|ARM
		{C034EC4D-46CC-490A-A045-E4D4D1F49C31}.Release|ARM (For Raspberry Pi).Build.0 = Release|ARM
		{C034EC4D-46CC-490A-A045-E4D4D1F49C31}.Release|x86 (For local).ActiveCfg = Release|x86
		{C034EC4D-46CC-490A-A045-E4D4D1F49C31}.Release|x86 (For local).Build.0 = Release|x86
		{C4619FEF-F44F-45EE-9473-5C80BC72E866}.Debug|Any CPU (For Cloud Components).ActiveCfg = Debug|Any CPU
		{C4619FEF-F44F-45EE-9473-5C80BC72E866}.Debug|Any CPU (For Cloud Components).Build.0 = Debug|Any CPU
		{C4619FEF-F44F-45EE-9473-5C80BC72E866}.Debug|ARM (For Raspberry Pi).ActiveCfg = Debug|Any CPU
		{C4619FEF-F44F-45EE-9473-5C80BC72E866}.Debug|x86 (For local).ActiveCfg = Debug|x86
		{C4619FEF-F44F-45EE-9473-5C80BC72E866}.Debug|x86 (For local).Build.0 = Debug|x86
		{C4619FEF-F44F-45EE-9473-5C80BC72E866}.Release|Any CPU (For Cloud Components).ActiveCfg = Release|Any CPU
		{C4619FEF-F44F-45EE-9473-5C80BC72E866}.Release|Any CPU (For Cloud Components).Build.0 = Release|Any CPU
		{C4619FEF-F44F-45EE-9473-5C80BC72E866}.Release|ARM (For Raspberry Pi).ActiveCfg = Release|Any CPU
		{C4619FEF-F44F-45EE-9473-5C80BC72E866}.Release|x86 (For local).ActiveCfg = Release|Any CPU
		{B10B2E2A-85CD-4289-8649-FC0C1C98921D}.Debug|Any CPU (For Cloud Components).ActiveCfg = Debug|Any CPU
		{B10B2E2A-85CD-4289-8649-FC0C1C98921D}.Debug|Any CPU (For Cloud Components).Build.0 = Debug|Any CPU
		{B10B2E2A-85CD-4289-8649-FC0C1C98921D}.Debug|Any CPU (For Cloud Components).Deploy.0 = Debug|Any CPU
		{B10B2E2A-85CD-4289-8649-FC0C1C98921D}.Debug|ARM (For Raspberry Pi).ActiveCfg = Debug|ARM
		{B10B2E2A-85CD-4289-8649-FC0C1C98921D}.Debug|ARM (For Raspberry Pi).Build.0 = Debug|ARM
		{B10B2E2A-85CD-4289-8649-FC0C1C98921D}.Debug|x86 (For local).ActiveCfg = Debug|x86
		{B10B2E2A-85CD-4289-8649-FC0C1C98921D}.Debug|x86 (For local).Build.0 = Debug|x86
		{B10B2E2A-85CD-4289-8649-FC0C1C98921D}.Release|Any CPU (For Cloud Components).ActiveCfg = Release|Any CPU
		{B10B2E2A-85CD-4289-8649-FC0C1C98921D}.Release|Any CPU (For Cloud Components).Build.0 = Release|Any CPU
		{B10B2E2A-85CD-4289-8649-FC0C1C98921D}.Release|ARM (For Raspberry Pi).ActiveCfg = Release|ARM
		{B10B2E2A-85CD-4289-8649-FC0C1C98921D}.Release|ARM (For Raspberry Pi).Build.0 = Release|ARM
		{B10B2E2A-85CD-4289-8649-FC0C1C98921D}.Release|x86 (For local).ActiveCfg = Release|x86
		{B10B2E2A-85CD-4289-8649-FC0C1C98921D}.Release|x86 (For local).Build.0 = Release|x86
		{1D5441C2-B934-4563-A11C-A617475564AE}.Debug|Any CPU (For Cloud Components).ActiveCfg = Debug|x86
		{1D5441C2-B934-4563-A11C-A617475564AE}.Debug|ARM (For Raspberry Pi).ActiveCfg = Debug|ARM
		{1D5441C2-B934-4563-A11C-A617475564AE}.Debug|ARM (For Raspberry Pi).Build.0 = Debug|ARM
		{1D5441C2-B934-4563-A11C-A617475564AE}.Debug|x86 (For local).ActiveCfg = Debug|x86
		{1D5441C2-B934-4563-A11C-A617475564AE}.Debug|x86 (For local).Build.0 = Debug|x86
		{1D5441C2-B934-4563-A11C-A617475564AE}.Debug|x86 (For local).Deploy.0 = Debug|x86
		{1D5441C2-B934-4563-A11C-A617475564AE}.Release|Any CPU (For Cloud Components).ActiveCfg = Release|Any CPU
		{1D5441C2-B934-4563-A11C-A617475564AE}.Release|Any CPU (For Cloud Components).Build.0 = Release|Any CPU
		{1D5441C2-B934-4563-A11C-A617475564AE}.Release|Any CPU (For Cloud Components).Deploy.0 = Release|Any CPU
		{1D5441C2-B934-4563-A11C-A617475564AE}.Release|ARM (For Raspberry Pi).ActiveCfg = Release|ARM
		{1D5441C2-B934-4563-A11C-A617475564AE}.Release|x86 (For local).ActiveCfg = Release|x86
		{1D5441C2-B934-4563-A11C-A617475564AE}.Release|x86 (For local).Build.0 = Release|x86
	EndGlobalSection
	GlobalSection(SolutionProperties) = preSolution
		HideSolutionNode = FALSE
	EndGlobalSection
	GlobalSection(NestedProjects) = preSolution
		{D3634558-2746-441F-BC09-454B1EC7DC1D} = {CED3E271-EE23-4B30-936C-B709F4D176FD}
		{0E8A3855-D428-4CA2-B752-486B61056933} = {20B098BA-1C68-4602-8BBA-902E7E3CA0B4}
		{F931A02F-DCAD-4301-8DAD-B7D722A9C410} = {20B098BA-1C68-4602-8BBA-902E7E3CA0B4}
		{56F4E6B0-8C46-4715-A9F3-00A6573C2CF4} = {CD5D2CCD-44D0-46E5-BE14-3B377048E0A2}
		{F46489CF-4D81-40DD-8EFB-9B4073898A85} = {CD5D2CCD-44D0-46E5-BE14-3B377048E0A2}
		{C034EC4D-46CC-490A-A045-E4D4D1F49C31} = {982ABB4E-A5DC-4C78-87A3-30BF49DD5764}
		{C4619FEF-F44F-45EE-9473-5C80BC72E866} = {AF6D96DE-60FE-4711-A888-3F6A06AF1628}
		{B10B2E2A-85CD-4289-8649-FC0C1C98921D} = {982ABB4E-A5DC-4C78-87A3-30BF49DD5764}
		{CED3E271-EE23-4B30-936C-B709F4D176FD} = {CD5D2CCD-44D0-46E5-BE14-3B377048E0A2}
		{1D5441C2-B934-4563-A11C-A617475564AE} = {982ABB4E-A5DC-4C78-87A3-30BF49DD5764}
		{89FBD621-449F-4178-9FC7-12244C2A1942} = {CED3E271-EE23-4B30-936C-B709F4D176FD}
		{3EB09DBE-C2E3-43D3-BF91-8494EBCB37F9} = {CED3E271-EE23-4B30-936C-B709F4D176FD}
	EndGlobalSection
EndGlobal
