
Microsoft Visual Studio Solution File, Format Version 12.00
# Visual Studio 14
VisualStudioVersion = 14.0.25420.1
MinimumVisualStudioVersion = 10.0.40219.1
Project("{2150E333-8FDC-42A3-9474-1A3956D46DE8}") = "Controllers", "Controllers", "{CD5D2CCD-44D0-46E5-BE14-3B377048E0A2}"
	ProjectSection(SolutionItems) = preProject
		ExampleControllers\Setup.ps1 = ExampleControllers\Setup.ps1
	EndProjectSection
EndProject
Project("{2150E333-8FDC-42A3-9474-1A3956D46DE8}") = "SDK", "SDK", "{982ABB4E-A5DC-4C78-87A3-30BF49DD5764}"
EndProject
Project("{2150E333-8FDC-42A3-9474-1A3956D46DE8}") = "App", "App", "{20B098BA-1C68-4602-8BBA-902E7E3CA0B4}"
	ProjectSection(SolutionItems) = preProject
		App\DeployApps.ps1 = App\DeployApps.ps1
	EndProjectSection
EndProject
Project("{2150E333-8FDC-42A3-9474-1A3956D46DE8}") = "Hardware", "Hardware", "{A1F8CE2B-E00D-445B-9E31-A093BD676A1B}"
EndProject
Project("{FAE04EC0-301F-11D3-BF4B-00C04F79EFBC}") = "HA4IoT.Controller.Main", "Controllers\HA4IoT.Controller.Main\HA4IoT.Controller.Main.csproj", "{D3634558-2746-441F-BC09-454B1EC7DC1D}"
EndProject
Project("{FAE04EC0-301F-11D3-BF4B-00C04F79EFBC}") = "HA4IoT.Controller.Cellar", "Controllers\HA4IoT.Controller.Cellar\HA4IoT.Controller.Cellar.csproj", "{2ECC3769-3EDB-4646-86EE-91FBDACBA972}"
EndProject
Project("{FAE04EC0-301F-11D3-BF4B-00C04F79EFBC}") = "HA4IoT.Controller.Demo", "Controllers\HA4IoT.Controller.Demo\HA4IoT.Controller.Demo.csproj", "{171A1B71-EC5A-42BC-A3D9-0252B157F70A}"
EndProject
Project("{FAE04EC0-301F-11D3-BF4B-00C04F79EFBC}") = "HA4IoT.Actuators", "SDK\HA4IoT.Actuators\HA4IoT.Actuators.csproj", "{808ABECF-D9C2-4AB2-95D8-EAF228B44576}"
EndProject
Project("{FAE04EC0-301F-11D3-BF4B-00C04F79EFBC}") = "HA4IoT.Actuators.Tests", "Tests\HA4IoT.Actuators.Tests\HA4IoT.Actuators.Tests.csproj", "{22C0304B-1F66-4682-93A3-EBC7655708F7}"
EndProject
Project("{FAE04EC0-301F-11D3-BF4B-00C04F79EFBC}") = "HA4IoT.Core", "SDK\HA4IoT.Core\HA4IoT.Core.csproj", "{2BBEF090-4FEE-4FB7-9CF1-F6597F2C53EA}"
EndProject
Project("{FAE04EC0-301F-11D3-BF4B-00C04F79EFBC}") = "HA4IoT.Hardware", "SDK\Hardware\HA4IoT.Hardware\HA4IoT.Hardware.csproj", "{287A9BD0-4037-4ADD-986F-54056F059EAE}"
EndProject
Project("{FAE04EC0-301F-11D3-BF4B-00C04F79EFBC}") = "HA4IoT.Hardware.Tests", "Tests\HA4IoT.Hardware.Tests\HA4IoT.Hardware.Tests.csproj", "{02CBC16A-2BDA-4789-AE84-BC2679C1185B}"
EndProject
Project("{FAE04EC0-301F-11D3-BF4B-00C04F79EFBC}") = "HA4IoT.Networking", "SDK\HA4IoT.Networking\HA4IoT.Networking.csproj", "{D4E0A3F9-6521-4AEE-815A-E2A60323FB63}"
EndProject
Project("{FAE04EC0-301F-11D3-BF4B-00C04F79EFBC}") = "HA4IoT.Telemetry", "SDK\HA4IoT.Telemetry\HA4IoT.Telemetry.csproj", "{97F3345C-33B6-4779-9212-5FFBCEEF3F96}"
EndProject
Project("{FAE04EC0-301F-11D3-BF4B-00C04F79EFBC}") = "HA4IoT.Tests.Mockups", "Tests\HA4IoT.Tests.Mockups\HA4IoT.Tests.Mockups.csproj", "{238AD610-4F9B-4652-81DB-A8FC215F61A5}"
EndProject
Project("{FAE04EC0-301F-11D3-BF4B-00C04F79EFBC}") = "HA4IoT.TraceViewer", "Tools\HA4IoT.TraceViewer\HA4IoT.TraceViewer.csproj", "{1948D9A6-707C-463B-8A16-D0A4020C4896}"
EndProject
Project("{FAE04EC0-301F-11D3-BF4B-00C04F79EFBC}") = "HA4IoT.Hardware.CCTools", "SDK\Hardware\HA4IoT.Hardware.CCTools\HA4IoT.Hardware.CCTools.csproj", "{B0A7EF01-9382-422C-81AF-C90DC5A7AFFD}"
EndProject
Project("{FAE04EC0-301F-11D3-BF4B-00C04F79EFBC}") = "HA4IoT.Hardware.Pi2", "SDK\Hardware\HA4IoT.Hardware.Pi2\HA4IoT.Hardware.Pi2.csproj", "{39819B8F-40F8-418A-AD3A-92A8C8D63268}"
EndProject
Project("{FAE04EC0-301F-11D3-BF4B-00C04F79EFBC}") = "HA4IoT.Hardware.RemoteSwitch", "SDK\Hardware\HA4IoT.Hardware.RemoteSwitch\HA4IoT.Hardware.RemoteSwitch.csproj", "{BADA2E47-5626-4E9E-92A7-8F712D084493}"
EndProject
Project("{FAE04EC0-301F-11D3-BF4B-00C04F79EFBC}") = "HA4IoT.Hardware.PortExpanderDrivers", "SDK\Hardware\HA4IoT.Hardware.PortExpanderDrivers\HA4IoT.Hardware.PortExpanderDrivers.csproj", "{B95B45D4-6E3D-4147-9838-5D4A262EA328}"
EndProject
Project("{8BC9CEB8-8B4A-11D0-8D11-00A0C91BC942}") = "HA4IoT.Hardware.I2CHardwareBridge.Firmware", "SDK\Hardware\HA4IoT.Hardware.I2CHardwareBridge.Firmware\HA4IoT.Hardware.I2CHardwareBridge.Firmware.vcxproj", "{C5F80730-F44F-4478-BDAE-6634EFC2CA88}"
EndProject
Project("{FAE04EC0-301F-11D3-BF4B-00C04F79EFBC}") = "HA4IoT.Hardware.I2CHardwareBridge", "SDK\Hardware\HA4IoT.Hardware.I2CHardwareBridge\HA4IoT.Hardware.I2CHardwareBridge.csproj", "{8BF16E28-A01D-47E9-A5C4-CC93E347AAF4}"
EndProject
Project("{FAE04EC0-301F-11D3-BF4B-00C04F79EFBC}") = "HA4IoT.WebApp", "App\HA4IoT.WebApp\HA4IoT.WebApp.csproj", "{0E8A3855-D428-4CA2-B752-486B61056933}"
EndProject
Project("{2150E333-8FDC-42A3-9474-1A3956D46DE8}") = "Tools", "Tools", "{36BA1D34-CA76-47F1-97FC-F8386D09AAC3}"
EndProject
Project("{FAE04EC0-301F-11D3-BF4B-00C04F79EFBC}") = "HA4IoT.Configuration", "SDK\HA4IoT.Configuration\HA4IoT.Configuration.csproj", "{F9D92EA6-3763-47F5-9EFD-6D83804C95E6}"
EndProject
Project("{FAE04EC0-301F-11D3-BF4B-00C04F79EFBC}") = "HA4IoT.Configuration.Tests", "Tests\HA4IoT.Configuration.Tests\HA4IoT.Configuration.Tests.csproj", "{01200BFE-8207-4EE1-84A4-8D09B044B3C9}"
EndProject
Project("{FAE04EC0-301F-11D3-BF4B-00C04F79EFBC}") = "HA4IoT.Networking.Tests", "Tests\HA4IoT.Networking.Tests\HA4IoT.Networking.Tests.csproj", "{C9683C4E-1A20-4C29-961D-7D5C89D13678}"
EndProject
Project("{FAE04EC0-301F-11D3-BF4B-00C04F79EFBC}") = "HA4IoT.Logger", "SDK\HA4IoT.Logger\HA4IoT.Logger.csproj", "{15DB669D-AF71-4E89-9748-0290A2E5D291}"
EndProject
Project("{FAE04EC0-301F-11D3-BF4B-00C04F79EFBC}") = "HA4IoT.Automations", "SDK\HA4IoT.Automations\HA4IoT.Automations.csproj", "{1CA64C98-210A-4015-95C6-67D591115F7B}"
EndProject
Project("{FAE04EC0-301F-11D3-BF4B-00C04F79EFBC}") = "HA4IoT.Conditions", "SDK\HA4IoT.Conditions\HA4IoT.Conditions.csproj", "{3822E69D-FD79-4797-98E2-7C05973B6522}"
EndProject
Project("{FAE04EC0-301F-11D3-BF4B-00C04F79EFBC}") = "HA4IoT.Automations.Tests", "Tests\HA4IoT.Automations.Tests\HA4IoT.Automations.Tests.csproj", "{057977DF-514A-4E29-822F-AD15182CA8AD}"
EndProject
Project("{FAE04EC0-301F-11D3-BF4B-00C04F79EFBC}") = "HA4IoT.ManagementConsole", "Tools\HA4IoT.ManagementConsole\HA4IoT.ManagementConsole.csproj", "{EECDA115-6E1D-4DB1-A746-28C9841B88E3}"
EndProject
Project("{FAE04EC0-301F-11D3-BF4B-00C04F79EFBC}") = "HA4IoT.TraceReceiver", "SDK\HA4IoT.TraceReceiver\HA4IoT.TraceReceiver.csproj", "{25C33CC4-07E7-41AA-B2DC-299AFBB9DE25}"
EndProject
Project("{2150E333-8FDC-42A3-9474-1A3956D46DE8}") = "Api", "Api", "{56DE2CF3-CD88-42FA-B81C-820F276883FF}"
EndProject
Project("{FAE04EC0-301F-11D3-BF4B-00C04F79EFBC}") = "HA4IoT.Api", "SDK\Api\HA4IoT.Api\HA4IoT.Api.csproj", "{ED4B4304-0E5D-459D-857D-622F790C1A32}"
EndProject
Project("{FAE04EC0-301F-11D3-BF4B-00C04F79EFBC}") = "HA4IoT.Api.AzureCloud", "SDK\Api\HA4IoT.Api.AzureCloud\HA4IoT.Api.AzureCloud.csproj", "{B03D2D62-A682-44AD-9BB8-E88B53973AFA}"
EndProject
Project("{FAE04EC0-301F-11D3-BF4B-00C04F79EFBC}") = "HA4IoT.Api.LocalRestServer", "SDK\Api\HA4IoT.Api.LocalHttpServer\HA4IoT.Api.LocalRestServer.csproj", "{88CB819A-3CD6-4AC3-B767-1E5360F5124D}"
EndProject
Project("{FAE04EC0-301F-11D3-BF4B-00C04F79EFBC}") = "HA4IoT.SasTokenGenerator", "Tools\HA4IoT.SasTokenGenerator\HA4IoT.SasTokenGenerator.csproj", "{2B4A23E4-96DC-49A5-A364-CD922CFFD80A}"
EndProject
Project("{FAE04EC0-301F-11D3-BF4B-00C04F79EFBC}") = "HA4IoT.CloudTester", "Tools\HA4IoT.CloudTester\HA4IoT.CloudTester.csproj", "{7BB52E78-4753-4353-B5F6-D34A790F98A9}"
EndProject
Project("{2150E333-8FDC-42A3-9474-1A3956D46DE8}") = "ExternalServices", "ExternalServices", "{8BCD4A99-8034-4421-9FE0-A81E8C739882}"
EndProject
Project("{FAE04EC0-301F-11D3-BF4B-00C04F79EFBC}") = "HA4IoT.ExternalServices.Twitter", "SDK\ExternalServices\HA4IoT.ExternalServices.Twitter\HA4IoT.ExternalServices.Twitter.csproj", "{4BF90039-3B6A-450B-B942-09FAF600BD64}"
EndProject
Project("{FAE04EC0-301F-11D3-BF4B-00C04F79EFBC}") = "HA4IoT.ExternalServices.OpenWeatherMap", "SDK\ExternalServices\HA4IoT.ExternalServices.OpenWeatherMap\HA4IoT.ExternalServices.OpenWeatherMap.csproj", "{6788E4A8-580E-4C2E-9754-95229F24F217}"
EndProject
Project("{FAE04EC0-301F-11D3-BF4B-00C04F79EFBC}") = "HA4IoT.Contracts", "SDK\HA4IoT.Contracts\HA4IoT.Contracts.csproj", "{E1EDAC4B-83B9-46F4-9F6A-3BAE97D79F29}"
EndProject
Project("{FAE04EC0-301F-11D3-BF4B-00C04F79EFBC}") = "HA4IoT.ExternalServices.TelegramBot", "SDK\ExternalServices\HA4IoT.ExternalServices.TelegramBot\HA4IoT.ExternalServices.TelegramBot.csproj", "{0F244152-1BF5-46E4-93DD-E769B38CE9DB}"
EndProject
Project("{FAE04EC0-301F-11D3-BF4B-00C04F79EFBC}") = "HA4IoT.Sensors", "SDK\HA4IoT.Sensors\HA4IoT.Sensors.csproj", "{8892E736-CDD0-48EB-AD9E-A1C8AA230FD7}"
EndProject
Project("{FAE04EC0-301F-11D3-BF4B-00C04F79EFBC}") = "HA4IoT.Components", "SDK\HA4IoT.Components\HA4IoT.Components.csproj", "{60F9E539-3FF5-40DE-B0C4-BE99CAE57736}"
EndProject
Project("{FAE04EC0-301F-11D3-BF4B-00C04F79EFBC}") = "HA4IoT.Components.Tests", "Tests\HA4IoT.Components.Tests\HA4IoT.Components.Tests.csproj", "{6A0180B5-1152-4610-96ED-8ED106A47599}"
EndProject
Project("{FAE04EC0-301F-11D3-BF4B-00C04F79EFBC}") = "HA4IoT.ManagementApp", "App\HA4IoT.ManagementApp\HA4IoT.ManagementApp.csproj", "{F931A02F-DCAD-4301-8DAD-B7D722A9C410}"
EndProject
Project("{FAE04EC0-301F-11D3-BF4B-00C04F79EFBC}") = "HA4IoT.Controller.Default", "Controllers\HA4IoT.Controller.Default\HA4IoT.Controller.Default.csproj", "{56F4E6B0-8C46-4715-A9F3-00A6573C2CF4}"
EndProject
Project("{FAE04EC0-301F-11D3-BF4B-00C04F79EFBC}") = "HA4IoT.PersonalAgent", "SDK\HA4IoT.PersonalAgent\HA4IoT.PersonalAgent.csproj", "{A22FDA3A-B331-4399-863B-5F1B8D24BFE9}"
EndProject
Project("{FAE04EC0-301F-11D3-BF4B-00C04F79EFBC}") = "HA4IoT.PersonalAgent.Tests", "Tests\HA4IoT.PersonalAgent.Tests\HA4IoT.PersonalAgent.Tests.csproj", "{8F01DDF2-A227-4664-A05E-BF0622428EAC}"
EndProject
Project("{FAE04EC0-301F-11D3-BF4B-00C04F79EFBC}") = "HA4IoT.Controller.Local", "Controllers\HA4IoT.Controller.Local\HA4IoT.Controller.Local.csproj", "{F46489CF-4D81-40DD-8EFB-9B4073898A85}"
EndProject
Project("{2150E333-8FDC-42A3-9474-1A3956D46DE8}") = "Tests", "Tests", "{C66A0C8B-0AAA-40C0-8D27-BD5B7BF1EF46}"
EndProject
Project("{FAE04EC0-301F-11D3-BF4B-00C04F79EFBC}") = "HA4IoT.Hardware.RemoteSwitch.Tests", "Tests\HA4IoT.Hardware.RemoteSwitch.Tests\HA4IoT.Hardware.RemoteSwitch.Tests.csproj", "{4558BE1E-0A43-40FC-A697-3732398FB126}"
EndProject
Project("{FAE04EC0-301F-11D3-BF4B-00C04F79EFBC}") = "HA4IoT.Hardware.Knx", "SDK\Hardware\HA4IoT.Hardware.Knx\HA4IoT.Hardware.Knx.csproj", "{1EC3A5D0-65C8-4396-BD56-9179A8BD00D4}"
EndProject
Project("{FAE04EC0-301F-11D3-BF4B-00C04F79EFBC}") = "HA4IoT.KnxFakeController", "Tools\HA4IoT.KnxFakeController\HA4IoT.KnxFakeController.csproj", "{38B1BC5D-21DD-4BAB-8CA1-6008518D21F1}"
EndProject
Project("{2150E333-8FDC-42A3-9474-1A3956D46DE8}") = "Homepage", "Homepage", "{AF6D96DE-60FE-4711-A888-3F6A06AF1628}"
EndProject
Project("{FAE04EC0-301F-11D3-BF4B-00C04F79EFBC}") = "HA4IoT.Homepage", "Homepage\HA4IoT.Homepage.csproj", "{15C79C50-497E-40EF-840E-65B0464417CF}"
EndProject
Project("{FAE04EC0-301F-11D3-BF4B-00C04F79EFBC}") = "HA4IoT.Hardware.CCTools.Tests", "Tests\HA4IoT.Hardware.CCTools.Tests\HA4IoT.Hardware.CCTools.Tests.csproj", "{DF91A86C-235F-44E7-AA3C-72FA0B786250}"
EndProject
Project("{FAE04EC0-301F-11D3-BF4B-00C04F79EFBC}") = "HA4IoT.Core.Tests", "Tests\HA4IoT.Core.Tests\HA4IoT.Core.Tests.csproj", "{4BD2A0F3-4CFC-41EE-ACE3-BE41A4A75C48}"
EndProject
Global
	GlobalSection(SolutionConfigurationPlatforms) = preSolution
		Debug|ARM (For Raspberry Pi) = Debug|ARM (For Raspberry Pi)
		Debug|x86 (For local) = Debug|x86 (For local)
		Release|ARM (For Raspberry Pi) = Release|ARM (For Raspberry Pi)
		Release|x86 (For local) = Release|x86 (For local)
	EndGlobalSection
	GlobalSection(ProjectConfigurationPlatforms) = postSolution
		{D3634558-2746-441F-BC09-454B1EC7DC1D}.Debug|ARM (For Raspberry Pi).ActiveCfg = Debug|ARM
		{D3634558-2746-441F-BC09-454B1EC7DC1D}.Debug|ARM (For Raspberry Pi).Build.0 = Debug|ARM
		{D3634558-2746-441F-BC09-454B1EC7DC1D}.Debug|x86 (For local).ActiveCfg = Debug|x86
		{D3634558-2746-441F-BC09-454B1EC7DC1D}.Debug|x86 (For local).Build.0 = Debug|x86
		{D3634558-2746-441F-BC09-454B1EC7DC1D}.Release|ARM (For Raspberry Pi).ActiveCfg = Release|ARM
		{D3634558-2746-441F-BC09-454B1EC7DC1D}.Release|ARM (For Raspberry Pi).Build.0 = Release|ARM
		{D3634558-2746-441F-BC09-454B1EC7DC1D}.Release|ARM (For Raspberry Pi).Deploy.0 = Release|ARM
		{D3634558-2746-441F-BC09-454B1EC7DC1D}.Release|x86 (For local).ActiveCfg = Release|x86
		{D3634558-2746-441F-BC09-454B1EC7DC1D}.Release|x86 (For local).Build.0 = Release|x86
		{2ECC3769-3EDB-4646-86EE-91FBDACBA972}.Debug|ARM (For Raspberry Pi).ActiveCfg = Debug|ARM
		{2ECC3769-3EDB-4646-86EE-91FBDACBA972}.Debug|ARM (For Raspberry Pi).Build.0 = Debug|ARM
		{2ECC3769-3EDB-4646-86EE-91FBDACBA972}.Debug|x86 (For local).ActiveCfg = Debug|x86
		{2ECC3769-3EDB-4646-86EE-91FBDACBA972}.Debug|x86 (For local).Build.0 = Debug|x86
		{2ECC3769-3EDB-4646-86EE-91FBDACBA972}.Release|ARM (For Raspberry Pi).ActiveCfg = Release|ARM
		{2ECC3769-3EDB-4646-86EE-91FBDACBA972}.Release|ARM (For Raspberry Pi).Build.0 = Release|ARM
		{2ECC3769-3EDB-4646-86EE-91FBDACBA972}.Release|x86 (For local).ActiveCfg = Release|x86
		{2ECC3769-3EDB-4646-86EE-91FBDACBA972}.Release|x86 (For local).Build.0 = Release|x86
		{171A1B71-EC5A-42BC-A3D9-0252B157F70A}.Debug|ARM (For Raspberry Pi).ActiveCfg = Debug|ARM
		{171A1B71-EC5A-42BC-A3D9-0252B157F70A}.Debug|ARM (For Raspberry Pi).Build.0 = Debug|ARM
		{171A1B71-EC5A-42BC-A3D9-0252B157F70A}.Debug|x86 (For local).ActiveCfg = Debug|x86
		{171A1B71-EC5A-42BC-A3D9-0252B157F70A}.Debug|x86 (For local).Build.0 = Debug|x86
		{171A1B71-EC5A-42BC-A3D9-0252B157F70A}.Release|ARM (For Raspberry Pi).ActiveCfg = Release|ARM
		{171A1B71-EC5A-42BC-A3D9-0252B157F70A}.Release|ARM (For Raspberry Pi).Build.0 = Release|ARM
		{171A1B71-EC5A-42BC-A3D9-0252B157F70A}.Release|x86 (For local).ActiveCfg = Release|x86
		{171A1B71-EC5A-42BC-A3D9-0252B157F70A}.Release|x86 (For local).Build.0 = Release|x86
		{808ABECF-D9C2-4AB2-95D8-EAF228B44576}.Debug|ARM (For Raspberry Pi).ActiveCfg = Debug|ARM
		{808ABECF-D9C2-4AB2-95D8-EAF228B44576}.Debug|ARM (For Raspberry Pi).Build.0 = Debug|ARM
		{808ABECF-D9C2-4AB2-95D8-EAF228B44576}.Debug|x86 (For local).ActiveCfg = Debug|x86
		{808ABECF-D9C2-4AB2-95D8-EAF228B44576}.Debug|x86 (For local).Build.0 = Debug|x86
		{808ABECF-D9C2-4AB2-95D8-EAF228B44576}.Release|ARM (For Raspberry Pi).ActiveCfg = Release|ARM
		{808ABECF-D9C2-4AB2-95D8-EAF228B44576}.Release|ARM (For Raspberry Pi).Build.0 = Release|ARM
		{808ABECF-D9C2-4AB2-95D8-EAF228B44576}.Release|x86 (For local).ActiveCfg = Release|x86
		{808ABECF-D9C2-4AB2-95D8-EAF228B44576}.Release|x86 (For local).Build.0 = Release|x86
		{22C0304B-1F66-4682-93A3-EBC7655708F7}.Debug|ARM (For Raspberry Pi).ActiveCfg = Debug|ARM
		{22C0304B-1F66-4682-93A3-EBC7655708F7}.Debug|x86 (For local).ActiveCfg = Debug|x86
		{22C0304B-1F66-4682-93A3-EBC7655708F7}.Debug|x86 (For local).Build.0 = Debug|x86
		{22C0304B-1F66-4682-93A3-EBC7655708F7}.Release|ARM (For Raspberry Pi).ActiveCfg = Release|ARM
		{22C0304B-1F66-4682-93A3-EBC7655708F7}.Release|x86 (For local).ActiveCfg = Release|x86
		{22C0304B-1F66-4682-93A3-EBC7655708F7}.Release|x86 (For local).Build.0 = Release|x86
		{2BBEF090-4FEE-4FB7-9CF1-F6597F2C53EA}.Debug|ARM (For Raspberry Pi).ActiveCfg = Debug|ARM
		{2BBEF090-4FEE-4FB7-9CF1-F6597F2C53EA}.Debug|ARM (For Raspberry Pi).Build.0 = Debug|ARM
		{2BBEF090-4FEE-4FB7-9CF1-F6597F2C53EA}.Debug|x86 (For local).ActiveCfg = Debug|x86
		{2BBEF090-4FEE-4FB7-9CF1-F6597F2C53EA}.Debug|x86 (For local).Build.0 = Debug|x86
		{2BBEF090-4FEE-4FB7-9CF1-F6597F2C53EA}.Release|ARM (For Raspberry Pi).ActiveCfg = Release|ARM
		{2BBEF090-4FEE-4FB7-9CF1-F6597F2C53EA}.Release|ARM (For Raspberry Pi).Build.0 = Release|ARM
		{2BBEF090-4FEE-4FB7-9CF1-F6597F2C53EA}.Release|x86 (For local).ActiveCfg = Release|x86
		{2BBEF090-4FEE-4FB7-9CF1-F6597F2C53EA}.Release|x86 (For local).Build.0 = Release|x86
		{287A9BD0-4037-4ADD-986F-54056F059EAE}.Debug|ARM (For Raspberry Pi).ActiveCfg = Debug|ARM
		{287A9BD0-4037-4ADD-986F-54056F059EAE}.Debug|ARM (For Raspberry Pi).Build.0 = Debug|ARM
		{287A9BD0-4037-4ADD-986F-54056F059EAE}.Debug|x86 (For local).ActiveCfg = Debug|x86
		{287A9BD0-4037-4ADD-986F-54056F059EAE}.Debug|x86 (For local).Build.0 = Debug|x86
		{287A9BD0-4037-4ADD-986F-54056F059EAE}.Release|ARM (For Raspberry Pi).ActiveCfg = Release|ARM
		{287A9BD0-4037-4ADD-986F-54056F059EAE}.Release|ARM (For Raspberry Pi).Build.0 = Release|ARM
		{287A9BD0-4037-4ADD-986F-54056F059EAE}.Release|x86 (For local).ActiveCfg = Release|x86
		{287A9BD0-4037-4ADD-986F-54056F059EAE}.Release|x86 (For local).Build.0 = Release|x86
		{02CBC16A-2BDA-4789-AE84-BC2679C1185B}.Debug|ARM (For Raspberry Pi).ActiveCfg = Debug|ARM
		{02CBC16A-2BDA-4789-AE84-BC2679C1185B}.Debug|x86 (For local).ActiveCfg = Debug|x86
		{02CBC16A-2BDA-4789-AE84-BC2679C1185B}.Debug|x86 (For local).Build.0 = Debug|x86
		{02CBC16A-2BDA-4789-AE84-BC2679C1185B}.Release|ARM (For Raspberry Pi).ActiveCfg = Release|ARM
		{02CBC16A-2BDA-4789-AE84-BC2679C1185B}.Release|x86 (For local).ActiveCfg = Release|x86
		{02CBC16A-2BDA-4789-AE84-BC2679C1185B}.Release|x86 (For local).Build.0 = Release|x86
		{D4E0A3F9-6521-4AEE-815A-E2A60323FB63}.Debug|ARM (For Raspberry Pi).ActiveCfg = Debug|ARM
		{D4E0A3F9-6521-4AEE-815A-E2A60323FB63}.Debug|ARM (For Raspberry Pi).Build.0 = Debug|ARM
		{D4E0A3F9-6521-4AEE-815A-E2A60323FB63}.Debug|x86 (For local).ActiveCfg = Debug|x86
		{D4E0A3F9-6521-4AEE-815A-E2A60323FB63}.Debug|x86 (For local).Build.0 = Debug|x86
		{D4E0A3F9-6521-4AEE-815A-E2A60323FB63}.Release|ARM (For Raspberry Pi).ActiveCfg = Release|ARM
		{D4E0A3F9-6521-4AEE-815A-E2A60323FB63}.Release|ARM (For Raspberry Pi).Build.0 = Release|ARM
		{D4E0A3F9-6521-4AEE-815A-E2A60323FB63}.Release|x86 (For local).ActiveCfg = Release|x86
		{D4E0A3F9-6521-4AEE-815A-E2A60323FB63}.Release|x86 (For local).Build.0 = Release|x86
		{97F3345C-33B6-4779-9212-5FFBCEEF3F96}.Debug|ARM (For Raspberry Pi).ActiveCfg = Debug|ARM
		{97F3345C-33B6-4779-9212-5FFBCEEF3F96}.Debug|ARM (For Raspberry Pi).Build.0 = Debug|ARM
		{97F3345C-33B6-4779-9212-5FFBCEEF3F96}.Debug|x86 (For local).ActiveCfg = Debug|x86
		{97F3345C-33B6-4779-9212-5FFBCEEF3F96}.Debug|x86 (For local).Build.0 = Debug|x86
		{97F3345C-33B6-4779-9212-5FFBCEEF3F96}.Release|ARM (For Raspberry Pi).ActiveCfg = Release|ARM
		{97F3345C-33B6-4779-9212-5FFBCEEF3F96}.Release|ARM (For Raspberry Pi).Build.0 = Release|ARM
		{97F3345C-33B6-4779-9212-5FFBCEEF3F96}.Release|x86 (For local).ActiveCfg = Release|x86
		{97F3345C-33B6-4779-9212-5FFBCEEF3F96}.Release|x86 (For local).Build.0 = Release|x86
		{238AD610-4F9B-4652-81DB-A8FC215F61A5}.Debug|ARM (For Raspberry Pi).ActiveCfg = Debug|ARM
		{238AD610-4F9B-4652-81DB-A8FC215F61A5}.Debug|x86 (For local).ActiveCfg = Debug|x86
		{238AD610-4F9B-4652-81DB-A8FC215F61A5}.Debug|x86 (For local).Build.0 = Debug|x86
		{238AD610-4F9B-4652-81DB-A8FC215F61A5}.Release|ARM (For Raspberry Pi).ActiveCfg = Release|ARM
		{238AD610-4F9B-4652-81DB-A8FC215F61A5}.Release|x86 (For local).ActiveCfg = Release|x86
		{238AD610-4F9B-4652-81DB-A8FC215F61A5}.Release|x86 (For local).Build.0 = Release|x86
		{1948D9A6-707C-463B-8A16-D0A4020C4896}.Debug|ARM (For Raspberry Pi).ActiveCfg = Debug|x86
		{1948D9A6-707C-463B-8A16-D0A4020C4896}.Debug|x86 (For local).ActiveCfg = Debug|x86
		{1948D9A6-707C-463B-8A16-D0A4020C4896}.Debug|x86 (For local).Build.0 = Debug|x86
		{1948D9A6-707C-463B-8A16-D0A4020C4896}.Release|ARM (For Raspberry Pi).ActiveCfg = Release|Any CPU
		{1948D9A6-707C-463B-8A16-D0A4020C4896}.Release|x86 (For local).ActiveCfg = Release|x86
		{1948D9A6-707C-463B-8A16-D0A4020C4896}.Release|x86 (For local).Build.0 = Release|x86
		{B0A7EF01-9382-422C-81AF-C90DC5A7AFFD}.Debug|ARM (For Raspberry Pi).ActiveCfg = Debug|ARM
		{B0A7EF01-9382-422C-81AF-C90DC5A7AFFD}.Debug|ARM (For Raspberry Pi).Build.0 = Debug|ARM
		{B0A7EF01-9382-422C-81AF-C90DC5A7AFFD}.Debug|x86 (For local).ActiveCfg = Debug|x86
		{B0A7EF01-9382-422C-81AF-C90DC5A7AFFD}.Debug|x86 (For local).Build.0 = Debug|x86
		{B0A7EF01-9382-422C-81AF-C90DC5A7AFFD}.Release|ARM (For Raspberry Pi).ActiveCfg = Release|ARM
		{B0A7EF01-9382-422C-81AF-C90DC5A7AFFD}.Release|ARM (For Raspberry Pi).Build.0 = Release|ARM
		{B0A7EF01-9382-422C-81AF-C90DC5A7AFFD}.Release|x86 (For local).ActiveCfg = Release|x86
		{B0A7EF01-9382-422C-81AF-C90DC5A7AFFD}.Release|x86 (For local).Build.0 = Release|x86
		{39819B8F-40F8-418A-AD3A-92A8C8D63268}.Debug|ARM (For Raspberry Pi).ActiveCfg = Debug|ARM
		{39819B8F-40F8-418A-AD3A-92A8C8D63268}.Debug|ARM (For Raspberry Pi).Build.0 = Debug|ARM
		{39819B8F-40F8-418A-AD3A-92A8C8D63268}.Debug|x86 (For local).ActiveCfg = Debug|x86
		{39819B8F-40F8-418A-AD3A-92A8C8D63268}.Debug|x86 (For local).Build.0 = Debug|x86
		{39819B8F-40F8-418A-AD3A-92A8C8D63268}.Release|ARM (For Raspberry Pi).ActiveCfg = Release|ARM
		{39819B8F-40F8-418A-AD3A-92A8C8D63268}.Release|ARM (For Raspberry Pi).Build.0 = Release|ARM
		{39819B8F-40F8-418A-AD3A-92A8C8D63268}.Release|x86 (For local).ActiveCfg = Release|x86
		{39819B8F-40F8-418A-AD3A-92A8C8D63268}.Release|x86 (For local).Build.0 = Release|x86
		{BADA2E47-5626-4E9E-92A7-8F712D084493}.Debug|ARM (For Raspberry Pi).ActiveCfg = Debug|ARM
		{BADA2E47-5626-4E9E-92A7-8F712D084493}.Debug|ARM (For Raspberry Pi).Build.0 = Debug|ARM
		{BADA2E47-5626-4E9E-92A7-8F712D084493}.Debug|x86 (For local).ActiveCfg = Debug|x86
		{BADA2E47-5626-4E9E-92A7-8F712D084493}.Debug|x86 (For local).Build.0 = Debug|x86
		{BADA2E47-5626-4E9E-92A7-8F712D084493}.Release|ARM (For Raspberry Pi).ActiveCfg = Release|ARM
		{BADA2E47-5626-4E9E-92A7-8F712D084493}.Release|ARM (For Raspberry Pi).Build.0 = Release|ARM
		{BADA2E47-5626-4E9E-92A7-8F712D084493}.Release|x86 (For local).ActiveCfg = Release|x86
		{BADA2E47-5626-4E9E-92A7-8F712D084493}.Release|x86 (For local).Build.0 = Release|x86
		{B95B45D4-6E3D-4147-9838-5D4A262EA328}.Debug|ARM (For Raspberry Pi).ActiveCfg = Debug|ARM
		{B95B45D4-6E3D-4147-9838-5D4A262EA328}.Debug|ARM (For Raspberry Pi).Build.0 = Debug|ARM
		{B95B45D4-6E3D-4147-9838-5D4A262EA328}.Debug|x86 (For local).ActiveCfg = Debug|x86
		{B95B45D4-6E3D-4147-9838-5D4A262EA328}.Debug|x86 (For local).Build.0 = Debug|x86
		{B95B45D4-6E3D-4147-9838-5D4A262EA328}.Release|ARM (For Raspberry Pi).ActiveCfg = Release|ARM
		{B95B45D4-6E3D-4147-9838-5D4A262EA328}.Release|ARM (For Raspberry Pi).Build.0 = Release|ARM
		{B95B45D4-6E3D-4147-9838-5D4A262EA328}.Release|x86 (For local).ActiveCfg = Release|x86
		{B95B45D4-6E3D-4147-9838-5D4A262EA328}.Release|x86 (For local).Build.0 = Release|x86
		{C5F80730-F44F-4478-BDAE-6634EFC2CA88}.Debug|ARM (For Raspberry Pi).ActiveCfg = Debug|Win32
		{C5F80730-F44F-4478-BDAE-6634EFC2CA88}.Debug|x86 (For local).ActiveCfg = Debug|Win32
		{C5F80730-F44F-4478-BDAE-6634EFC2CA88}.Release|ARM (For Raspberry Pi).ActiveCfg = Release|Win32
		{C5F80730-F44F-4478-BDAE-6634EFC2CA88}.Release|x86 (For local).ActiveCfg = Release|Win32
		{8BF16E28-A01D-47E9-A5C4-CC93E347AAF4}.Debug|ARM (For Raspberry Pi).ActiveCfg = Debug|ARM
		{8BF16E28-A01D-47E9-A5C4-CC93E347AAF4}.Debug|ARM (For Raspberry Pi).Build.0 = Debug|ARM
		{8BF16E28-A01D-47E9-A5C4-CC93E347AAF4}.Debug|x86 (For local).ActiveCfg = Debug|x86
		{8BF16E28-A01D-47E9-A5C4-CC93E347AAF4}.Debug|x86 (For local).Build.0 = Debug|x86
		{8BF16E28-A01D-47E9-A5C4-CC93E347AAF4}.Release|ARM (For Raspberry Pi).ActiveCfg = Release|ARM
		{8BF16E28-A01D-47E9-A5C4-CC93E347AAF4}.Release|ARM (For Raspberry Pi).Build.0 = Release|ARM
		{8BF16E28-A01D-47E9-A5C4-CC93E347AAF4}.Release|x86 (For local).ActiveCfg = Release|x86
		{8BF16E28-A01D-47E9-A5C4-CC93E347AAF4}.Release|x86 (For local).Build.0 = Release|x86
		{0E8A3855-D428-4CA2-B752-486B61056933}.Debug|ARM (For Raspberry Pi).ActiveCfg = Debug|x86
		{0E8A3855-D428-4CA2-B752-486B61056933}.Debug|x86 (For local).ActiveCfg = Debug|x86
		{0E8A3855-D428-4CA2-B752-486B61056933}.Debug|x86 (For local).Build.0 = Debug|x86
		{0E8A3855-D428-4CA2-B752-486B61056933}.Release|ARM (For Raspberry Pi).ActiveCfg = Release|Any CPU
		{0E8A3855-D428-4CA2-B752-486B61056933}.Release|x86 (For local).ActiveCfg = Release|x86
		{0E8A3855-D428-4CA2-B752-486B61056933}.Release|x86 (For local).Build.0 = Release|x86
		{F9D92EA6-3763-47F5-9EFD-6D83804C95E6}.Debug|ARM (For Raspberry Pi).ActiveCfg = Debug|ARM
		{F9D92EA6-3763-47F5-9EFD-6D83804C95E6}.Debug|ARM (For Raspberry Pi).Build.0 = Debug|ARM
		{F9D92EA6-3763-47F5-9EFD-6D83804C95E6}.Debug|x86 (For local).ActiveCfg = Debug|x86
		{F9D92EA6-3763-47F5-9EFD-6D83804C95E6}.Debug|x86 (For local).Build.0 = Debug|x86
		{F9D92EA6-3763-47F5-9EFD-6D83804C95E6}.Release|ARM (For Raspberry Pi).ActiveCfg = Release|ARM
		{F9D92EA6-3763-47F5-9EFD-6D83804C95E6}.Release|ARM (For Raspberry Pi).Build.0 = Release|ARM
		{F9D92EA6-3763-47F5-9EFD-6D83804C95E6}.Release|x86 (For local).ActiveCfg = Release|x86
		{F9D92EA6-3763-47F5-9EFD-6D83804C95E6}.Release|x86 (For local).Build.0 = Release|x86
		{01200BFE-8207-4EE1-84A4-8D09B044B3C9}.Debug|ARM (For Raspberry Pi).ActiveCfg = Debug|ARM
		{01200BFE-8207-4EE1-84A4-8D09B044B3C9}.Debug|x86 (For local).ActiveCfg = Debug|x86
		{01200BFE-8207-4EE1-84A4-8D09B044B3C9}.Debug|x86 (For local).Build.0 = Debug|x86
		{01200BFE-8207-4EE1-84A4-8D09B044B3C9}.Release|ARM (For Raspberry Pi).ActiveCfg = Release|ARM
		{01200BFE-8207-4EE1-84A4-8D09B044B3C9}.Release|x86 (For local).ActiveCfg = Release|x86
		{01200BFE-8207-4EE1-84A4-8D09B044B3C9}.Release|x86 (For local).Build.0 = Release|x86
		{C9683C4E-1A20-4C29-961D-7D5C89D13678}.Debug|ARM (For Raspberry Pi).ActiveCfg = Debug|ARM
		{C9683C4E-1A20-4C29-961D-7D5C89D13678}.Debug|x86 (For local).ActiveCfg = Debug|x86
		{C9683C4E-1A20-4C29-961D-7D5C89D13678}.Debug|x86 (For local).Build.0 = Debug|x86
		{C9683C4E-1A20-4C29-961D-7D5C89D13678}.Release|ARM (For Raspberry Pi).ActiveCfg = Release|ARM
		{C9683C4E-1A20-4C29-961D-7D5C89D13678}.Release|x86 (For local).ActiveCfg = Release|x86
		{C9683C4E-1A20-4C29-961D-7D5C89D13678}.Release|x86 (For local).Build.0 = Release|x86
		{15DB669D-AF71-4E89-9748-0290A2E5D291}.Debug|ARM (For Raspberry Pi).ActiveCfg = Debug|ARM
		{15DB669D-AF71-4E89-9748-0290A2E5D291}.Debug|ARM (For Raspberry Pi).Build.0 = Debug|ARM
		{15DB669D-AF71-4E89-9748-0290A2E5D291}.Debug|x86 (For local).ActiveCfg = Debug|x86
		{15DB669D-AF71-4E89-9748-0290A2E5D291}.Debug|x86 (For local).Build.0 = Debug|x86
		{15DB669D-AF71-4E89-9748-0290A2E5D291}.Release|ARM (For Raspberry Pi).ActiveCfg = Release|ARM
		{15DB669D-AF71-4E89-9748-0290A2E5D291}.Release|ARM (For Raspberry Pi).Build.0 = Release|ARM
		{15DB669D-AF71-4E89-9748-0290A2E5D291}.Release|x86 (For local).ActiveCfg = Release|x86
		{15DB669D-AF71-4E89-9748-0290A2E5D291}.Release|x86 (For local).Build.0 = Release|x86
		{1CA64C98-210A-4015-95C6-67D591115F7B}.Debug|ARM (For Raspberry Pi).ActiveCfg = Debug|ARM
		{1CA64C98-210A-4015-95C6-67D591115F7B}.Debug|ARM (For Raspberry Pi).Build.0 = Debug|ARM
		{1CA64C98-210A-4015-95C6-67D591115F7B}.Debug|x86 (For local).ActiveCfg = Debug|x86
		{1CA64C98-210A-4015-95C6-67D591115F7B}.Debug|x86 (For local).Build.0 = Debug|x86
		{1CA64C98-210A-4015-95C6-67D591115F7B}.Release|ARM (For Raspberry Pi).ActiveCfg = Release|ARM
		{1CA64C98-210A-4015-95C6-67D591115F7B}.Release|ARM (For Raspberry Pi).Build.0 = Release|ARM
		{1CA64C98-210A-4015-95C6-67D591115F7B}.Release|x86 (For local).ActiveCfg = Release|x86
		{1CA64C98-210A-4015-95C6-67D591115F7B}.Release|x86 (For local).Build.0 = Release|x86
		{3822E69D-FD79-4797-98E2-7C05973B6522}.Debug|ARM (For Raspberry Pi).ActiveCfg = Debug|ARM
		{3822E69D-FD79-4797-98E2-7C05973B6522}.Debug|ARM (For Raspberry Pi).Build.0 = Debug|ARM
		{3822E69D-FD79-4797-98E2-7C05973B6522}.Debug|x86 (For local).ActiveCfg = Debug|x86
		{3822E69D-FD79-4797-98E2-7C05973B6522}.Debug|x86 (For local).Build.0 = Debug|x86
		{3822E69D-FD79-4797-98E2-7C05973B6522}.Release|ARM (For Raspberry Pi).ActiveCfg = Release|ARM
		{3822E69D-FD79-4797-98E2-7C05973B6522}.Release|ARM (For Raspberry Pi).Build.0 = Release|ARM
		{3822E69D-FD79-4797-98E2-7C05973B6522}.Release|x86 (For local).ActiveCfg = Release|x86
		{3822E69D-FD79-4797-98E2-7C05973B6522}.Release|x86 (For local).Build.0 = Release|x86
		{057977DF-514A-4E29-822F-AD15182CA8AD}.Debug|ARM (For Raspberry Pi).ActiveCfg = Debug|ARM
		{057977DF-514A-4E29-822F-AD15182CA8AD}.Debug|x86 (For local).ActiveCfg = Debug|x86
		{057977DF-514A-4E29-822F-AD15182CA8AD}.Debug|x86 (For local).Build.0 = Debug|x86
		{057977DF-514A-4E29-822F-AD15182CA8AD}.Release|ARM (For Raspberry Pi).ActiveCfg = Release|ARM
		{057977DF-514A-4E29-822F-AD15182CA8AD}.Release|x86 (For local).ActiveCfg = Release|x86
		{057977DF-514A-4E29-822F-AD15182CA8AD}.Release|x86 (For local).Build.0 = Release|x86
		{EECDA115-6E1D-4DB1-A746-28C9841B88E3}.Debug|ARM (For Raspberry Pi).ActiveCfg = Debug|x86
		{EECDA115-6E1D-4DB1-A746-28C9841B88E3}.Debug|x86 (For local).ActiveCfg = Debug|x86
		{EECDA115-6E1D-4DB1-A746-28C9841B88E3}.Debug|x86 (For local).Build.0 = Debug|x86
		{EECDA115-6E1D-4DB1-A746-28C9841B88E3}.Release|ARM (For Raspberry Pi).ActiveCfg = Release|Any CPU
		{EECDA115-6E1D-4DB1-A746-28C9841B88E3}.Release|x86 (For local).ActiveCfg = Release|x86
		{EECDA115-6E1D-4DB1-A746-28C9841B88E3}.Release|x86 (For local).Build.0 = Release|x86
		{25C33CC4-07E7-41AA-B2DC-299AFBB9DE25}.Debug|ARM (For Raspberry Pi).ActiveCfg = Debug|x86
		{25C33CC4-07E7-41AA-B2DC-299AFBB9DE25}.Debug|x86 (For local).ActiveCfg = Debug|x86
		{25C33CC4-07E7-41AA-B2DC-299AFBB9DE25}.Debug|x86 (For local).Build.0 = Debug|x86
		{25C33CC4-07E7-41AA-B2DC-299AFBB9DE25}.Release|ARM (For Raspberry Pi).ActiveCfg = Release|Any CPU
		{25C33CC4-07E7-41AA-B2DC-299AFBB9DE25}.Release|x86 (For local).ActiveCfg = Release|x86
		{25C33CC4-07E7-41AA-B2DC-299AFBB9DE25}.Release|x86 (For local).Build.0 = Release|x86
		{ED4B4304-0E5D-459D-857D-622F790C1A32}.Debug|ARM (For Raspberry Pi).ActiveCfg = Debug|ARM
		{ED4B4304-0E5D-459D-857D-622F790C1A32}.Debug|ARM (For Raspberry Pi).Build.0 = Debug|ARM
		{ED4B4304-0E5D-459D-857D-622F790C1A32}.Debug|x86 (For local).ActiveCfg = Debug|x86
		{ED4B4304-0E5D-459D-857D-622F790C1A32}.Debug|x86 (For local).Build.0 = Debug|x86
		{ED4B4304-0E5D-459D-857D-622F790C1A32}.Release|ARM (For Raspberry Pi).ActiveCfg = Release|ARM
		{ED4B4304-0E5D-459D-857D-622F790C1A32}.Release|ARM (For Raspberry Pi).Build.0 = Release|ARM
		{ED4B4304-0E5D-459D-857D-622F790C1A32}.Release|x86 (For local).ActiveCfg = Release|x86
		{ED4B4304-0E5D-459D-857D-622F790C1A32}.Release|x86 (For local).Build.0 = Release|x86
		{B03D2D62-A682-44AD-9BB8-E88B53973AFA}.Debug|ARM (For Raspberry Pi).ActiveCfg = Debug|ARM
		{B03D2D62-A682-44AD-9BB8-E88B53973AFA}.Debug|ARM (For Raspberry Pi).Build.0 = Debug|ARM
		{B03D2D62-A682-44AD-9BB8-E88B53973AFA}.Debug|x86 (For local).ActiveCfg = Debug|x86
		{B03D2D62-A682-44AD-9BB8-E88B53973AFA}.Debug|x86 (For local).Build.0 = Debug|x86
		{B03D2D62-A682-44AD-9BB8-E88B53973AFA}.Release|ARM (For Raspberry Pi).ActiveCfg = Release|ARM
		{B03D2D62-A682-44AD-9BB8-E88B53973AFA}.Release|ARM (For Raspberry Pi).Build.0 = Release|ARM
		{B03D2D62-A682-44AD-9BB8-E88B53973AFA}.Release|x86 (For local).ActiveCfg = Release|x86
		{B03D2D62-A682-44AD-9BB8-E88B53973AFA}.Release|x86 (For local).Build.0 = Release|x86
		{88CB819A-3CD6-4AC3-B767-1E5360F5124D}.Debug|ARM (For Raspberry Pi).ActiveCfg = Debug|ARM
		{88CB819A-3CD6-4AC3-B767-1E5360F5124D}.Debug|ARM (For Raspberry Pi).Build.0 = Debug|ARM
		{88CB819A-3CD6-4AC3-B767-1E5360F5124D}.Debug|x86 (For local).ActiveCfg = Debug|x86
		{88CB819A-3CD6-4AC3-B767-1E5360F5124D}.Debug|x86 (For local).Build.0 = Debug|x86
		{88CB819A-3CD6-4AC3-B767-1E5360F5124D}.Release|ARM (For Raspberry Pi).ActiveCfg = Release|ARM
		{88CB819A-3CD6-4AC3-B767-1E5360F5124D}.Release|ARM (For Raspberry Pi).Build.0 = Release|ARM
		{88CB819A-3CD6-4AC3-B767-1E5360F5124D}.Release|x86 (For local).ActiveCfg = Release|x86
		{88CB819A-3CD6-4AC3-B767-1E5360F5124D}.Release|x86 (For local).Build.0 = Release|x86
		{2B4A23E4-96DC-49A5-A364-CD922CFFD80A}.Debug|ARM (For Raspberry Pi).ActiveCfg = Debug|x86
		{2B4A23E4-96DC-49A5-A364-CD922CFFD80A}.Debug|x86 (For local).ActiveCfg = Debug|x86
		{2B4A23E4-96DC-49A5-A364-CD922CFFD80A}.Debug|x86 (For local).Build.0 = Debug|x86
		{2B4A23E4-96DC-49A5-A364-CD922CFFD80A}.Release|ARM (For Raspberry Pi).ActiveCfg = Release|Any CPU
		{2B4A23E4-96DC-49A5-A364-CD922CFFD80A}.Release|x86 (For local).ActiveCfg = Release|x86
		{2B4A23E4-96DC-49A5-A364-CD922CFFD80A}.Release|x86 (For local).Build.0 = Release|x86
		{7BB52E78-4753-4353-B5F6-D34A790F98A9}.Debug|ARM (For Raspberry Pi).ActiveCfg = Debug|ARM
		{7BB52E78-4753-4353-B5F6-D34A790F98A9}.Debug|ARM (For Raspberry Pi).Build.0 = Debug|ARM
		{7BB52E78-4753-4353-B5F6-D34A790F98A9}.Debug|x86 (For local).ActiveCfg = Debug|x86
		{7BB52E78-4753-4353-B5F6-D34A790F98A9}.Debug|x86 (For local).Build.0 = Debug|x86
		{7BB52E78-4753-4353-B5F6-D34A790F98A9}.Release|ARM (For Raspberry Pi).ActiveCfg = Release|ARM
		{7BB52E78-4753-4353-B5F6-D34A790F98A9}.Release|x86 (For local).ActiveCfg = Release|x86
		{7BB52E78-4753-4353-B5F6-D34A790F98A9}.Release|x86 (For local).Build.0 = Release|x86
		{4BF90039-3B6A-450B-B942-09FAF600BD64}.Debug|ARM (For Raspberry Pi).ActiveCfg = Debug|ARM
		{4BF90039-3B6A-450B-B942-09FAF600BD64}.Debug|ARM (For Raspberry Pi).Build.0 = Debug|ARM
		{4BF90039-3B6A-450B-B942-09FAF600BD64}.Debug|x86 (For local).ActiveCfg = Debug|x86
		{4BF90039-3B6A-450B-B942-09FAF600BD64}.Debug|x86 (For local).Build.0 = Debug|x86
		{4BF90039-3B6A-450B-B942-09FAF600BD64}.Release|ARM (For Raspberry Pi).ActiveCfg = Release|ARM
		{4BF90039-3B6A-450B-B942-09FAF600BD64}.Release|ARM (For Raspberry Pi).Build.0 = Release|ARM
		{4BF90039-3B6A-450B-B942-09FAF600BD64}.Release|x86 (For local).ActiveCfg = Release|x86
		{4BF90039-3B6A-450B-B942-09FAF600BD64}.Release|x86 (For local).Build.0 = Release|x86
		{6788E4A8-580E-4C2E-9754-95229F24F217}.Debug|ARM (For Raspberry Pi).ActiveCfg = Debug|ARM
		{6788E4A8-580E-4C2E-9754-95229F24F217}.Debug|ARM (For Raspberry Pi).Build.0 = Debug|ARM
		{6788E4A8-580E-4C2E-9754-95229F24F217}.Debug|x86 (For local).ActiveCfg = Debug|x86
		{6788E4A8-580E-4C2E-9754-95229F24F217}.Debug|x86 (For local).Build.0 = Debug|x86
		{6788E4A8-580E-4C2E-9754-95229F24F217}.Release|ARM (For Raspberry Pi).ActiveCfg = Release|ARM
		{6788E4A8-580E-4C2E-9754-95229F24F217}.Release|ARM (For Raspberry Pi).Build.0 = Release|ARM
		{6788E4A8-580E-4C2E-9754-95229F24F217}.Release|x86 (For local).ActiveCfg = Release|x86
		{6788E4A8-580E-4C2E-9754-95229F24F217}.Release|x86 (For local).Build.0 = Release|x86
		{E1EDAC4B-83B9-46F4-9F6A-3BAE97D79F29}.Debug|ARM (For Raspberry Pi).ActiveCfg = Debug|ARM
		{E1EDAC4B-83B9-46F4-9F6A-3BAE97D79F29}.Debug|ARM (For Raspberry Pi).Build.0 = Debug|ARM
		{E1EDAC4B-83B9-46F4-9F6A-3BAE97D79F29}.Debug|x86 (For local).ActiveCfg = Debug|x86
		{E1EDAC4B-83B9-46F4-9F6A-3BAE97D79F29}.Debug|x86 (For local).Build.0 = Debug|x86
		{E1EDAC4B-83B9-46F4-9F6A-3BAE97D79F29}.Release|ARM (For Raspberry Pi).ActiveCfg = Release|ARM
		{E1EDAC4B-83B9-46F4-9F6A-3BAE97D79F29}.Release|ARM (For Raspberry Pi).Build.0 = Release|ARM
		{E1EDAC4B-83B9-46F4-9F6A-3BAE97D79F29}.Release|x86 (For local).ActiveCfg = Release|Any CPU
		{E1EDAC4B-83B9-46F4-9F6A-3BAE97D79F29}.Release|x86 (For local).Build.0 = Release|Any CPU
		{0F244152-1BF5-46E4-93DD-E769B38CE9DB}.Debug|ARM (For Raspberry Pi).ActiveCfg = Debug|ARM
		{0F244152-1BF5-46E4-93DD-E769B38CE9DB}.Debug|ARM (For Raspberry Pi).Build.0 = Debug|ARM
		{0F244152-1BF5-46E4-93DD-E769B38CE9DB}.Debug|x86 (For local).ActiveCfg = Debug|x86
		{0F244152-1BF5-46E4-93DD-E769B38CE9DB}.Debug|x86 (For local).Build.0 = Debug|x86
		{0F244152-1BF5-46E4-93DD-E769B38CE9DB}.Release|ARM (For Raspberry Pi).ActiveCfg = Release|ARM
		{0F244152-1BF5-46E4-93DD-E769B38CE9DB}.Release|ARM (For Raspberry Pi).Build.0 = Release|ARM
		{0F244152-1BF5-46E4-93DD-E769B38CE9DB}.Release|x86 (For local).ActiveCfg = Release|x86
		{0F244152-1BF5-46E4-93DD-E769B38CE9DB}.Release|x86 (For local).Build.0 = Release|x86
		{8892E736-CDD0-48EB-AD9E-A1C8AA230FD7}.Debug|ARM (For Raspberry Pi).ActiveCfg = Debug|ARM
		{8892E736-CDD0-48EB-AD9E-A1C8AA230FD7}.Debug|ARM (For Raspberry Pi).Build.0 = Debug|ARM
		{8892E736-CDD0-48EB-AD9E-A1C8AA230FD7}.Debug|x86 (For local).ActiveCfg = Debug|x86
		{8892E736-CDD0-48EB-AD9E-A1C8AA230FD7}.Debug|x86 (For local).Build.0 = Debug|x86
		{8892E736-CDD0-48EB-AD9E-A1C8AA230FD7}.Release|ARM (For Raspberry Pi).ActiveCfg = Release|ARM
		{8892E736-CDD0-48EB-AD9E-A1C8AA230FD7}.Release|ARM (For Raspberry Pi).Build.0 = Release|ARM
		{8892E736-CDD0-48EB-AD9E-A1C8AA230FD7}.Release|x86 (For local).ActiveCfg = Release|x86
		{8892E736-CDD0-48EB-AD9E-A1C8AA230FD7}.Release|x86 (For local).Build.0 = Release|x86
		{60F9E539-3FF5-40DE-B0C4-BE99CAE57736}.Debug|ARM (For Raspberry Pi).ActiveCfg = Debug|ARM
		{60F9E539-3FF5-40DE-B0C4-BE99CAE57736}.Debug|ARM (For Raspberry Pi).Build.0 = Debug|ARM
		{60F9E539-3FF5-40DE-B0C4-BE99CAE57736}.Debug|x86 (For local).ActiveCfg = Debug|x86
		{60F9E539-3FF5-40DE-B0C4-BE99CAE57736}.Debug|x86 (For local).Build.0 = Debug|x86
		{60F9E539-3FF5-40DE-B0C4-BE99CAE57736}.Release|ARM (For Raspberry Pi).ActiveCfg = Release|ARM
		{60F9E539-3FF5-40DE-B0C4-BE99CAE57736}.Release|ARM (For Raspberry Pi).Build.0 = Release|ARM
		{60F9E539-3FF5-40DE-B0C4-BE99CAE57736}.Release|x86 (For local).ActiveCfg = Release|x86
		{60F9E539-3FF5-40DE-B0C4-BE99CAE57736}.Release|x86 (For local).Build.0 = Release|x86
		{60F9E539-3FF5-40DE-B0C4-BE99CAE57736}.Release|x86 (For local).Deploy.0 = Release|x86
		{6A0180B5-1152-4610-96ED-8ED106A47599}.Debug|ARM (For Raspberry Pi).ActiveCfg = Debug|ARM
		{6A0180B5-1152-4610-96ED-8ED106A47599}.Debug|x86 (For local).ActiveCfg = Debug|x86
		{6A0180B5-1152-4610-96ED-8ED106A47599}.Debug|x86 (For local).Build.0 = Debug|x86
		{6A0180B5-1152-4610-96ED-8ED106A47599}.Release|ARM (For Raspberry Pi).ActiveCfg = Release|ARM
		{6A0180B5-1152-4610-96ED-8ED106A47599}.Release|x86 (For local).ActiveCfg = Release|x86
		{6A0180B5-1152-4610-96ED-8ED106A47599}.Release|x86 (For local).Build.0 = Release|x86
		{F931A02F-DCAD-4301-8DAD-B7D722A9C410}.Debug|ARM (For Raspberry Pi).ActiveCfg = Debug|x86
		{F931A02F-DCAD-4301-8DAD-B7D722A9C410}.Debug|x86 (For local).ActiveCfg = Debug|x86
		{F931A02F-DCAD-4301-8DAD-B7D722A9C410}.Release|ARM (For Raspberry Pi).ActiveCfg = Release|x86
		{F931A02F-DCAD-4301-8DAD-B7D722A9C410}.Release|x86 (For local).ActiveCfg = Release|x86
		{56F4E6B0-8C46-4715-A9F3-00A6573C2CF4}.Debug|ARM (For Raspberry Pi).ActiveCfg = Debug|ARM
		{56F4E6B0-8C46-4715-A9F3-00A6573C2CF4}.Debug|ARM (For Raspberry Pi).Build.0 = Debug|ARM
		{56F4E6B0-8C46-4715-A9F3-00A6573C2CF4}.Debug|x86 (For local).ActiveCfg = Debug|x86
		{56F4E6B0-8C46-4715-A9F3-00A6573C2CF4}.Debug|x86 (For local).Build.0 = Debug|x86
		{56F4E6B0-8C46-4715-A9F3-00A6573C2CF4}.Release|ARM (For Raspberry Pi).ActiveCfg = Release|ARM
		{56F4E6B0-8C46-4715-A9F3-00A6573C2CF4}.Release|ARM (For Raspberry Pi).Build.0 = Release|ARM
		{56F4E6B0-8C46-4715-A9F3-00A6573C2CF4}.Release|x86 (For local).ActiveCfg = Release|x86
		{56F4E6B0-8C46-4715-A9F3-00A6573C2CF4}.Release|x86 (For local).Build.0 = Release|x86
		{A22FDA3A-B331-4399-863B-5F1B8D24BFE9}.Debug|ARM (For Raspberry Pi).ActiveCfg = Debug|ARM
		{A22FDA3A-B331-4399-863B-5F1B8D24BFE9}.Debug|ARM (For Raspberry Pi).Build.0 = Debug|ARM
		{A22FDA3A-B331-4399-863B-5F1B8D24BFE9}.Debug|x86 (For local).ActiveCfg = Debug|x86
		{A22FDA3A-B331-4399-863B-5F1B8D24BFE9}.Debug|x86 (For local).Build.0 = Debug|x86
		{A22FDA3A-B331-4399-863B-5F1B8D24BFE9}.Release|ARM (For Raspberry Pi).ActiveCfg = Release|ARM
		{A22FDA3A-B331-4399-863B-5F1B8D24BFE9}.Release|ARM (For Raspberry Pi).Build.0 = Release|ARM
		{A22FDA3A-B331-4399-863B-5F1B8D24BFE9}.Release|x86 (For local).ActiveCfg = Release|x86
		{A22FDA3A-B331-4399-863B-5F1B8D24BFE9}.Release|x86 (For local).Build.0 = Release|x86
		{8F01DDF2-A227-4664-A05E-BF0622428EAC}.Debug|ARM (For Raspberry Pi).ActiveCfg = Debug|ARM
		{8F01DDF2-A227-4664-A05E-BF0622428EAC}.Debug|x86 (For local).ActiveCfg = Debug|x86
		{8F01DDF2-A227-4664-A05E-BF0622428EAC}.Debug|x86 (For local).Build.0 = Debug|x86
		{8F01DDF2-A227-4664-A05E-BF0622428EAC}.Release|ARM (For Raspberry Pi).ActiveCfg = Release|ARM
		{8F01DDF2-A227-4664-A05E-BF0622428EAC}.Release|x86 (For local).ActiveCfg = Release|x86
		{8F01DDF2-A227-4664-A05E-BF0622428EAC}.Release|x86 (For local).Build.0 = Release|x86
		{F46489CF-4D81-40DD-8EFB-9B4073898A85}.Debug|ARM (For Raspberry Pi).ActiveCfg = Debug|ARM
		{F46489CF-4D81-40DD-8EFB-9B4073898A85}.Debug|ARM (For Raspberry Pi).Build.0 = Debug|ARM
		{F46489CF-4D81-40DD-8EFB-9B4073898A85}.Debug|x86 (For local).ActiveCfg = Debug|x86
		{F46489CF-4D81-40DD-8EFB-9B4073898A85}.Debug|x86 (For local).Build.0 = Debug|x86
		{F46489CF-4D81-40DD-8EFB-9B4073898A85}.Debug|x86 (For local).Deploy.0 = Debug|x86
		{F46489CF-4D81-40DD-8EFB-9B4073898A85}.Release|ARM (For Raspberry Pi).ActiveCfg = Release|ARM
		{F46489CF-4D81-40DD-8EFB-9B4073898A85}.Release|x86 (For local).ActiveCfg = Release|x86
		{F46489CF-4D81-40DD-8EFB-9B4073898A85}.Release|x86 (For local).Build.0 = Release|x86
		{F46489CF-4D81-40DD-8EFB-9B4073898A85}.Release|x86 (For local).Deploy.0 = Release|x86
		{4558BE1E-0A43-40FC-A697-3732398FB126}.Debug|ARM (For Raspberry Pi).ActiveCfg = Debug|ARM
		{4558BE1E-0A43-40FC-A697-3732398FB126}.Debug|x86 (For local).ActiveCfg = Debug|x86
		{4558BE1E-0A43-40FC-A697-3732398FB126}.Debug|x86 (For local).Build.0 = Debug|x86
		{4558BE1E-0A43-40FC-A697-3732398FB126}.Release|ARM (For Raspberry Pi).ActiveCfg = Release|ARM
		{4558BE1E-0A43-40FC-A697-3732398FB126}.Release|ARM (For Raspberry Pi).Build.0 = Release|ARM
		{4558BE1E-0A43-40FC-A697-3732398FB126}.Release|ARM (For Raspberry Pi).Deploy.0 = Release|ARM
		{4558BE1E-0A43-40FC-A697-3732398FB126}.Release|x86 (For local).ActiveCfg = Release|x86
		{4558BE1E-0A43-40FC-A697-3732398FB126}.Release|x86 (For local).Build.0 = Release|x86
		{1EC3A5D0-65C8-4396-BD56-9179A8BD00D4}.Debug|ARM (For Raspberry Pi).ActiveCfg = Debug|ARM
		{1EC3A5D0-65C8-4396-BD56-9179A8BD00D4}.Debug|ARM (For Raspberry Pi).Build.0 = Debug|ARM
		{1EC3A5D0-65C8-4396-BD56-9179A8BD00D4}.Debug|x86 (For local).ActiveCfg = Debug|x86
		{1EC3A5D0-65C8-4396-BD56-9179A8BD00D4}.Debug|x86 (For local).Build.0 = Debug|x86
		{1EC3A5D0-65C8-4396-BD56-9179A8BD00D4}.Release|ARM (For Raspberry Pi).ActiveCfg = Release|ARM
		{1EC3A5D0-65C8-4396-BD56-9179A8BD00D4}.Release|ARM (For Raspberry Pi).Build.0 = Release|ARM
		{1EC3A5D0-65C8-4396-BD56-9179A8BD00D4}.Release|x86 (For local).ActiveCfg = Release|x86
		{1EC3A5D0-65C8-4396-BD56-9179A8BD00D4}.Release|x86 (For local).Build.0 = Release|x86
		{38B1BC5D-21DD-4BAB-8CA1-6008518D21F1}.Debug|ARM (For Raspberry Pi).ActiveCfg = Debug|x86
		{38B1BC5D-21DD-4BAB-8CA1-6008518D21F1}.Debug|ARM (For Raspberry Pi).Build.0 = Debug|x86
		{38B1BC5D-21DD-4BAB-8CA1-6008518D21F1}.Debug|x86 (For local).ActiveCfg = Debug|x86
		{38B1BC5D-21DD-4BAB-8CA1-6008518D21F1}.Debug|x86 (For local).Build.0 = Debug|x86
		{38B1BC5D-21DD-4BAB-8CA1-6008518D21F1}.Release|ARM (For Raspberry Pi).ActiveCfg = Release|x86
		{38B1BC5D-21DD-4BAB-8CA1-6008518D21F1}.Release|x86 (For local).ActiveCfg = Release|x86
		{15C79C50-497E-40EF-840E-65B0464417CF}.Debug|ARM (For Raspberry Pi).ActiveCfg = Debug|x86
		{15C79C50-497E-40EF-840E-65B0464417CF}.Debug|ARM (For Raspberry Pi).Build.0 = Debug|x86
		{15C79C50-497E-40EF-840E-65B0464417CF}.Debug|x86 (For local).ActiveCfg = Debug|x86
		{15C79C50-497E-40EF-840E-65B0464417CF}.Debug|x86 (For local).Build.0 = Debug|x86
		{15C79C50-497E-40EF-840E-65B0464417CF}.Release|ARM (For Raspberry Pi).ActiveCfg = Release|x86
		{15C79C50-497E-40EF-840E-65B0464417CF}.Release|x86 (For local).ActiveCfg = Release|x86
		{DF91A86C-235F-44E7-AA3C-72FA0B786250}.Debug|ARM (For Raspberry Pi).ActiveCfg = Debug|ARM
		{DF91A86C-235F-44E7-AA3C-72FA0B786250}.Debug|x86 (For local).ActiveCfg = Debug|x86
		{DF91A86C-235F-44E7-AA3C-72FA0B786250}.Debug|x86 (For local).Build.0 = Debug|x86
		{DF91A86C-235F-44E7-AA3C-72FA0B786250}.Release|ARM (For Raspberry Pi).ActiveCfg = Release|ARM
		{DF91A86C-235F-44E7-AA3C-72FA0B786250}.Release|ARM (For Raspberry Pi).Build.0 = Release|ARM
		{DF91A86C-235F-44E7-AA3C-72FA0B786250}.Release|ARM (For Raspberry Pi).Deploy.0 = Release|ARM
		{DF91A86C-235F-44E7-AA3C-72FA0B786250}.Release|x86 (For local).ActiveCfg = Release|x86
		{DF91A86C-235F-44E7-AA3C-72FA0B786250}.Release|x86 (For local).Build.0 = Release|x86
		{DF91A86C-235F-44E7-AA3C-72FA0B786250}.Release|x86 (For local).Deploy.0 = Release|x86
		{4BD2A0F3-4CFC-41EE-ACE3-BE41A4A75C48}.Debug|ARM (For Raspberry Pi).ActiveCfg = Debug|ARM
		{4BD2A0F3-4CFC-41EE-ACE3-BE41A4A75C48}.Debug|x86 (For local).ActiveCfg = Debug|x86
		{4BD2A0F3-4CFC-41EE-ACE3-BE41A4A75C48}.Debug|x86 (For local).Build.0 = Debug|x86
		{4BD2A0F3-4CFC-41EE-ACE3-BE41A4A75C48}.Release|ARM (For Raspberry Pi).ActiveCfg = Release|x86
		{4BD2A0F3-4CFC-41EE-ACE3-BE41A4A75C48}.Release|x86 (For local).ActiveCfg = Release|x86
	EndGlobalSection
	GlobalSection(SolutionProperties) = preSolution
		HideSolutionNode = FALSE
	EndGlobalSection
	GlobalSection(NestedProjects) = preSolution
		{A1F8CE2B-E00D-445B-9E31-A093BD676A1B} = {982ABB4E-A5DC-4C78-87A3-30BF49DD5764}
		{D3634558-2746-441F-BC09-454B1EC7DC1D} = {CD5D2CCD-44D0-46E5-BE14-3B377048E0A2}
		{2ECC3769-3EDB-4646-86EE-91FBDACBA972} = {CD5D2CCD-44D0-46E5-BE14-3B377048E0A2}
		{171A1B71-EC5A-42BC-A3D9-0252B157F70A} = {CD5D2CCD-44D0-46E5-BE14-3B377048E0A2}
		{808ABECF-D9C2-4AB2-95D8-EAF228B44576} = {982ABB4E-A5DC-4C78-87A3-30BF49DD5764}
		{22C0304B-1F66-4682-93A3-EBC7655708F7} = {C66A0C8B-0AAA-40C0-8D27-BD5B7BF1EF46}
		{2BBEF090-4FEE-4FB7-9CF1-F6597F2C53EA} = {982ABB4E-A5DC-4C78-87A3-30BF49DD5764}
		{287A9BD0-4037-4ADD-986F-54056F059EAE} = {A1F8CE2B-E00D-445B-9E31-A093BD676A1B}
		{02CBC16A-2BDA-4789-AE84-BC2679C1185B} = {C66A0C8B-0AAA-40C0-8D27-BD5B7BF1EF46}
		{D4E0A3F9-6521-4AEE-815A-E2A60323FB63} = {982ABB4E-A5DC-4C78-87A3-30BF49DD5764}
		{97F3345C-33B6-4779-9212-5FFBCEEF3F96} = {982ABB4E-A5DC-4C78-87A3-30BF49DD5764}
		{238AD610-4F9B-4652-81DB-A8FC215F61A5} = {C66A0C8B-0AAA-40C0-8D27-BD5B7BF1EF46}
		{1948D9A6-707C-463B-8A16-D0A4020C4896} = {36BA1D34-CA76-47F1-97FC-F8386D09AAC3}
		{B0A7EF01-9382-422C-81AF-C90DC5A7AFFD} = {A1F8CE2B-E00D-445B-9E31-A093BD676A1B}
		{39819B8F-40F8-418A-AD3A-92A8C8D63268} = {A1F8CE2B-E00D-445B-9E31-A093BD676A1B}
		{BADA2E47-5626-4E9E-92A7-8F712D084493} = {A1F8CE2B-E00D-445B-9E31-A093BD676A1B}
		{B95B45D4-6E3D-4147-9838-5D4A262EA328} = {A1F8CE2B-E00D-445B-9E31-A093BD676A1B}
		{C5F80730-F44F-4478-BDAE-6634EFC2CA88} = {A1F8CE2B-E00D-445B-9E31-A093BD676A1B}
		{8BF16E28-A01D-47E9-A5C4-CC93E347AAF4} = {A1F8CE2B-E00D-445B-9E31-A093BD676A1B}
		{0E8A3855-D428-4CA2-B752-486B61056933} = {20B098BA-1C68-4602-8BBA-902E7E3CA0B4}
		{F9D92EA6-3763-47F5-9EFD-6D83804C95E6} = {982ABB4E-A5DC-4C78-87A3-30BF49DD5764}
		{01200BFE-8207-4EE1-84A4-8D09B044B3C9} = {C66A0C8B-0AAA-40C0-8D27-BD5B7BF1EF46}
		{C9683C4E-1A20-4C29-961D-7D5C89D13678} = {C66A0C8B-0AAA-40C0-8D27-BD5B7BF1EF46}
		{15DB669D-AF71-4E89-9748-0290A2E5D291} = {982ABB4E-A5DC-4C78-87A3-30BF49DD5764}
		{1CA64C98-210A-4015-95C6-67D591115F7B} = {982ABB4E-A5DC-4C78-87A3-30BF49DD5764}
		{3822E69D-FD79-4797-98E2-7C05973B6522} = {982ABB4E-A5DC-4C78-87A3-30BF49DD5764}
		{057977DF-514A-4E29-822F-AD15182CA8AD} = {C66A0C8B-0AAA-40C0-8D27-BD5B7BF1EF46}
		{EECDA115-6E1D-4DB1-A746-28C9841B88E3} = {36BA1D34-CA76-47F1-97FC-F8386D09AAC3}
		{25C33CC4-07E7-41AA-B2DC-299AFBB9DE25} = {982ABB4E-A5DC-4C78-87A3-30BF49DD5764}
		{56DE2CF3-CD88-42FA-B81C-820F276883FF} = {982ABB4E-A5DC-4C78-87A3-30BF49DD5764}
		{ED4B4304-0E5D-459D-857D-622F790C1A32} = {56DE2CF3-CD88-42FA-B81C-820F276883FF}
		{B03D2D62-A682-44AD-9BB8-E88B53973AFA} = {56DE2CF3-CD88-42FA-B81C-820F276883FF}
		{88CB819A-3CD6-4AC3-B767-1E5360F5124D} = {56DE2CF3-CD88-42FA-B81C-820F276883FF}
		{2B4A23E4-96DC-49A5-A364-CD922CFFD80A} = {36BA1D34-CA76-47F1-97FC-F8386D09AAC3}
		{7BB52E78-4753-4353-B5F6-D34A790F98A9} = {36BA1D34-CA76-47F1-97FC-F8386D09AAC3}
		{8BCD4A99-8034-4421-9FE0-A81E8C739882} = {982ABB4E-A5DC-4C78-87A3-30BF49DD5764}
		{4BF90039-3B6A-450B-B942-09FAF600BD64} = {8BCD4A99-8034-4421-9FE0-A81E8C739882}
		{6788E4A8-580E-4C2E-9754-95229F24F217} = {8BCD4A99-8034-4421-9FE0-A81E8C739882}
		{E1EDAC4B-83B9-46F4-9F6A-3BAE97D79F29} = {982ABB4E-A5DC-4C78-87A3-30BF49DD5764}
		{0F244152-1BF5-46E4-93DD-E769B38CE9DB} = {8BCD4A99-8034-4421-9FE0-A81E8C739882}
		{8892E736-CDD0-48EB-AD9E-A1C8AA230FD7} = {982ABB4E-A5DC-4C78-87A3-30BF49DD5764}
		{60F9E539-3FF5-40DE-B0C4-BE99CAE57736} = {982ABB4E-A5DC-4C78-87A3-30BF49DD5764}
		{6A0180B5-1152-4610-96ED-8ED106A47599} = {C66A0C8B-0AAA-40C0-8D27-BD5B7BF1EF46}
		{F931A02F-DCAD-4301-8DAD-B7D722A9C410} = {20B098BA-1C68-4602-8BBA-902E7E3CA0B4}
		{56F4E6B0-8C46-4715-A9F3-00A6573C2CF4} = {CD5D2CCD-44D0-46E5-BE14-3B377048E0A2}
		{A22FDA3A-B331-4399-863B-5F1B8D24BFE9} = {982ABB4E-A5DC-4C78-87A3-30BF49DD5764}
		{8F01DDF2-A227-4664-A05E-BF0622428EAC} = {C66A0C8B-0AAA-40C0-8D27-BD5B7BF1EF46}
		{F46489CF-4D81-40DD-8EFB-9B4073898A85} = {CD5D2CCD-44D0-46E5-BE14-3B377048E0A2}
		{4558BE1E-0A43-40FC-A697-3732398FB126} = {C66A0C8B-0AAA-40C0-8D27-BD5B7BF1EF46}
		{1EC3A5D0-65C8-4396-BD56-9179A8BD00D4} = {A1F8CE2B-E00D-445B-9E31-A093BD676A1B}
		{38B1BC5D-21DD-4BAB-8CA1-6008518D21F1} = {36BA1D34-CA76-47F1-97FC-F8386D09AAC3}
		{15C79C50-497E-40EF-840E-65B0464417CF} = {AF6D96DE-60FE-4711-A888-3F6A06AF1628}
		{DF91A86C-235F-44E7-AA3C-72FA0B786250} = {C66A0C8B-0AAA-40C0-8D27-BD5B7BF1EF46}
		{4BD2A0F3-4CFC-41EE-ACE3-BE41A4A75C48} = {C66A0C8B-0AAA-40C0-8D27-BD5B7BF1EF46}
	EndGlobalSection
EndGlobal
